<?xml version="1.0" encoding="utf-8"?>
<Project ToolsVersion="17.0" xmlns="http://schemas.microsoft.com/developer/msbuild/2003">
  <ItemGroup>
    <ClCompile Include="C:\Workspace\Repositories\study\aicode\mslang-c\src\vm.c">
      <Filter>Source Files</Filter>
    </ClCompile>
    <ClCompile Include="C:\Workspace\Repositories\study\aicode\mslang-c\src\vm_call.c">
      <Filter>Source Files</Filter>
    </ClCompile>
    <ClCompile Include="C:\Workspace\Repositories\study\aicode\mslang-c\src\vm_natives.c">
      <Filter>Source Files</Filter>
    </ClCompile>
    <ClCompile Include="C:\Workspace\Repositories\study\aicode\mslang-c\src\vm_gc.c">
      <Filter>Source Files</Filter>
    </ClCompile>
    <ClCompile Include="C:\Workspace\Repositories\study\aicode\mslang-c\src\shape.c">
      <Filter>Source Files</Filter>
    </ClCompile>
    <ClCompile Include="C:\Workspace\Repositories\study\aicode\mslang-c\src\vm_builtins.c">
      <Filter>Source Files</Filter>
    </ClCompile>
    <ClCompile Include="C:\Workspace\Repositories\study\aicode\mslang-c\src\module.c">
      <Filter>Source Files</Filter>
    </ClCompile>
  </ItemGroup>
  <ItemGroup>
    <CustomBuild Include="C:\Workspace\Repositories\study\aicode\mslang-c\CMakeLists.txt" />
  </ItemGroup>
  <ItemGroup>
    <Filter Include="Source Files">
      <UniqueIdentifier>{F4A1FD72-2DE6-3BCF-8490-0BD2F8BF1F09}</UniqueIdentifier>
    </Filter>
  </ItemGroup>
</Project>
