
Microsoft Visual Studio Solution File, Format Version 12.00
# Visual Studio Version 17
Project("{8BC9CEB8-8B4A-11D0-8D11-00A0C91BC942}") = "ALL_BUILD", "ALL_BUILD.vcxproj", "{36A44E5F-F48A-3572-830D-6E9148B95602}"
	ProjectSection(ProjectDependencies) = postProject
		{3E3C9390-02BA-3AD5-B443-6C91F45BA8F3} = {3E3C9390-02BA-3AD5-B443-6C91F45BA8F3}
		{26CB4054-086D-3092-8EAA-F5190B61D06F} = {26CB4054-086D-3092-8EAA-F5190B61D06F}
		{F8A4023F-9FFD-3D86-B97B-BC75EDCDA3E8} = {F8A4023F-9FFD-3D86-B97B-BC75EDCDA3E8}
		{770770FE-71A4-382B-9CE3-67521B09B9D9} = {770770FE-71A4-382B-9CE3-67521B09B9D9}
		{0C116538-7C43-3F65-A74D-FECADC465674} = {0C116538-7C43-3F65-A74D-FECADC465674}
		{A9AA4785-5631-3320-AC0B-DA6355481614} = {A9AA4785-5631-3320-AC0B-DA6355481614}
		{A0DEB2DA-B9D7-3993-8A4E-509BDA436534} = {A0DEB2DA-B9D7-3993-8A4E-509BDA436534}
		{40B792FF-1183-3B68-ACBB-3E0E042C9D44} = {40B792FF-1183-3B68-ACBB-3E0E042C9D44}
		{7FCD2A2B-A1CD-3FEF-BDC8-6EA57BEB5862} = {7FCD2A2B-A1CD-3FEF-BDC8-6EA57BEB5862}
		{4E41EFA0-38F3-357D-A229-03665EB22DC1} = {4E41EFA0-38F3-357D-A229-03665EB22DC1}
		{15F5A85E-C91D-3581-8D0E-3369584A9953} = {15F5A85E-C91D-3581-8D0E-3369584A9953}
		{7AFBE866-D4F4-39D5-87A9-093960FC6011} = {7AFBE866-D4F4-39D5-87A9-093960FC6011}
		{57AE929C-AB07-3D9D-8A98-333CC6E8FF96} = {57AE929C-AB07-3D9D-8A98-333CC6E8FF96}
		{198A5079-4EAA-37F5-A74B-4278034BC297} = {198A5079-4EAA-37F5-A74B-4278034BC297}
		{7C9B7C5D-A91B-373C-B72B-D324DF0BF847} = {7C9B7C5D-A91B-373C-B72B-D324DF0BF847}
		{69FB1511-2696-314D-99F0-67A4F99C3E78} = {69FB1511-2696-314D-99F0-67A4F99C3E78}
		{B7F85C45-36E7-3ECE-B57F-D9CB14215E97} = {B7F85C45-36E7-3ECE-B57F-D9CB14215E97}
		{A9BB1B04-4495-31F5-A294-4C1ABD3DD4BA} = {A9BB1B04-4495-31F5-A294-4C1ABD3DD4BA}
		{0CC3555A-94E8-3684-92C8-A4FDDB755B6B} = {0CC3555A-94E8-3684-92C8-A4FDDB755B6B}
		{19CC4632-6235-304D-8F0C-EC4FF91B5399} = {19CC4632-6235-304D-8F0C-EC4FF91B5399}
		{8E08EB54-6FF9-3C8A-8398-DB6837FEF084} = {8E08EB54-6FF9-3C8A-8398-DB6837FEF084}
		{82FE9AA4-401A-34A8-BF7E-E9DEADCC8D02} = {82FE9AA4-401A-34A8-BF7E-E9DEADCC8D02}
		{0AAC3BA7-0CB3-3CA1-A5F5-BDBE75A16C00} = {0AAC3BA7-0CB3-3CA1-A5F5-BDBE75A16C00}
		{6DF2FA21-CB4D-3A3D-A95F-56E64F5CD56B} = {6DF2FA21-CB4D-3A3D-A95F-56E64F5CD56B}
		{0596847F-624B-3D54-A62F-01170F99D4A2} = {0596847F-624B-3D54-A62F-01170F99D4A2}
		{DA2D27A4-90CF-3263-BBD8-C944AA063163} = {DA2D27A4-90CF-3263-BBD8-C944AA063163}
		{12C51278-C0E8-3CE9-B974-98AE8571A966} = {12C51278-C0E8-3CE9-B974-98AE8571A966}
		{07355564-14B6-3BBE-9CA7-29FA5EEF557E} = {07355564-14B6-3BBE-9CA7-29FA5EEF557E}
		{161544B9-C753-341E-A5B0-9BC52F047E17} = {161544B9-C753-341E-A5B0-9BC52F047E17}
		{9C61BFE2-CE60-328E-8C0B-708F11C0F756} = {9C61BFE2-CE60-328E-8C0B-708F11C0F756}
		{2D2C7EFE-CEF1-31C9-A474-8CCA55259F4E} = {2D2C7EFE-CEF1-31C9-A474-8CCA55259F4E}
		{D7622E76-7F8F-35E8-B729-288E04C9EFD1} = {D7622E76-7F8F-35E8-B729-288E04C9EFD1}
		{6D633046-B7A8-3F59-A6CA-4D91E1168115} = {6D633046-B7A8-3F59-A6CA-4D91E1168115}
		{48A42BBD-912C-3026-A6A8-54D9A9D8421D} = {48A42BBD-912C-3026-A6A8-54D9A9D8421D}
		{4FBB465D-FCAF-3EEF-816C-42E5CBBA7643} = {4FBB465D-FCAF-3EEF-816C-42E5CBBA7643}
		{A526C6C7-AE53-379D-8025-5CA6EA8180D4} = {A526C6C7-AE53-379D-8025-5CA6EA8180D4}
		{0C7F8F96-E08E-395C-B220-71982C854A1F} = {0C7F8F96-E08E-395C-B220-71982C854A1F}
		{4D09BC29-7366-38F4-B458-AE4C492B8E77} = {4D09BC29-7366-38F4-B458-AE4C492B8E77}
		{3756DC06-7780-3FB1-B736-5845D439C41B} = {3756DC06-7780-3FB1-B736-5845D439C41B}
		{A11CEB9C-EB1C-3B69-A787-44C39E187E7C} = {A11CEB9C-EB1C-3B69-A787-44C39E187E7C}
		{F079DED3-0800-33F2-A52C-BB4CB48DB652} = {F079DED3-0800-33F2-A52C-BB4CB48DB652}
		{7EB29FCB-5B8E-3D62-9DE2-2362843D161F} = {7EB29FCB-5B8E-3D62-9DE2-2362843D161F}
		{8EEA63CC-7CE3-3E15-BE50-CC34232EFD9A} = {8EEA63CC-7CE3-3E15-BE50-CC34232EFD9A}
		{1195BF26-4B08-3102-A850-C92B15F82370} = {1195BF26-4B08-3102-A850-C92B15F82370}
	EndProjectSection
EndProject
Project("{8BC9CEB8-8B4A-11D0-8D11-00A0C91BC942}") = "RUN_TESTS", "RUN_TESTS.vcxproj", "{9A63C2A6-D102-3DA2-910C-D822D500BB1A}"
	ProjectSection(ProjectDependencies) = postProject
		{3E3C9390-02BA-3AD5-B443-6C91F45BA8F3} = {3E3C9390-02BA-3AD5-B443-6C91F45BA8F3}
	EndProjectSection
EndProject
Project("{8BC9CEB8-8B4A-11D0-8D11-00A0C91BC942}") = "ZERO_CHECK", "ZERO_CHECK.vcxproj", "{3E3C9390-02BA-3AD5-B443-6C91F45BA8F3}"
	ProjectSection(ProjectDependencies) = postProject
	EndProjectSection
EndProject
Project("{8BC9CEB8-8B4A-11D0-8D11-00A0C91BC942}") = "ms_chunk", "ms_chunk.vcxproj", "{26CB4054-086D-3092-8EAA-F5190B61D06F}"
	ProjectSection(ProjectDependencies) = postProject
		{3E3C9390-02BA-3AD5-B443-6C91F45BA8F3} = {3E3C9390-02BA-3AD5-B443-6C91F45BA8F3}
		{0C116538-7C43-3F65-A74D-FECADC465674} = {0C116538-7C43-3F65-A74D-FECADC465674}
		{4E41EFA0-38F3-357D-A229-03665EB22DC1} = {4E41EFA0-38F3-357D-A229-03665EB22DC1}
	EndProjectSection
EndProject
Project("{8BC9CEB8-8B4A-11D0-8D11-00A0C91BC942}") = "ms_debug", "ms_debug.vcxproj", "{F8A4023F-9FFD-3D86-B97B-BC75EDCDA3E8}"
	ProjectSection(ProjectDependencies) = postProject
		{3E3C9390-02BA-3AD5-B443-6C91F45BA8F3} = {3E3C9390-02BA-3AD5-B443-6C91F45BA8F3}
		{26CB4054-086D-3092-8EAA-F5190B61D06F} = {26CB4054-086D-3092-8EAA-F5190B61D06F}
		{0C116538-7C43-3F65-A74D-FECADC465674} = {0C116538-7C43-3F65-A74D-FECADC465674}
		{4E41EFA0-38F3-357D-A229-03665EB22DC1} = {4E41EFA0-38F3-357D-A229-03665EB22DC1}
	EndProjectSection
EndProject
Project("{8BC9CEB8-8B4A-11D0-8D11-00A0C91BC942}") = "ms_frontend", "ms_frontend.vcxproj", "{770770FE-71A4-382B-9CE3-67521B09B9D9}"
	ProjectSection(ProjectDependencies) = postProject
		{3E3C9390-02BA-3AD5-B443-6C91F45BA8F3} = {3E3C9390-02BA-3AD5-B443-6C91F45BA8F3}
		{26CB4054-086D-3092-8EAA-F5190B61D06F} = {26CB4054-086D-3092-8EAA-F5190B61D06F}
		{F8A4023F-9FFD-3D86-B97B-BC75EDCDA3E8} = {F8A4023F-9FFD-3D86-B97B-BC75EDCDA3E8}
		{0C116538-7C43-3F65-A74D-FECADC465674} = {0C116538-7C43-3F65-A74D-FECADC465674}
		{A9AA4785-5631-3320-AC0B-DA6355481614} = {A9AA4785-5631-3320-AC0B-DA6355481614}
		{A0DEB2DA-B9D7-3993-8A4E-509BDA436534} = {A0DEB2DA-B9D7-3993-8A4E-509BDA436534}
		{40B792FF-1183-3B68-ACBB-3E0E042C9D44} = {40B792FF-1183-3B68-ACBB-3E0E042C9D44}
		{7FCD2A2B-A1CD-3FEF-BDC8-6EA57BEB5862} = {7FCD2A2B-A1CD-3FEF-BDC8-6EA57BEB5862}
		{4E41EFA0-38F3-357D-A229-03665EB22DC1} = {4E41EFA0-38F3-357D-A229-03665EB22DC1}
		{15F5A85E-C91D-3581-8D0E-3369584A9953} = {15F5A85E-C91D-3581-8D0E-3369584A9953}
		{7AFBE866-D4F4-39D5-87A9-093960FC6011} = {7AFBE866-D4F4-39D5-87A9-093960FC6011}
		{57AE929C-AB07-3D9D-8A98-333CC6E8FF96} = {57AE929C-AB07-3D9D-8A98-333CC6E8FF96}
	EndProjectSection
EndProject
Project("{8BC9CEB8-8B4A-11D0-8D11-00A0C91BC942}") = "ms_memory", "ms_memory.vcxproj", "{0C116538-7C43-3F65-A74D-FECADC465674}"
	ProjectSection(ProjectDependencies) = postProject
		{3E3C9390-02BA-3AD5-B443-6C91F45BA8F3} = {3E3C9390-02BA-3AD5-B443-6C91F45BA8F3}
		{4E41EFA0-38F3-357D-A229-03665EB22DC1} = {4E41EFA0-38F3-357D-A229-03665EB22DC1}
	EndProjectSection
EndProject
Project("{8BC9CEB8-8B4A-11D0-8D11-00A0C91BC942}") = "ms_object", "ms_object.vcxproj", "{A9AA4785-5631-3320-AC0B-DA6355481614}"
	ProjectSection(ProjectDependencies) = postProject
		{3E3C9390-02BA-3AD5-B443-6C91F45BA8F3} = {3E3C9390-02BA-3AD5-B443-6C91F45BA8F3}
		{26CB4054-086D-3092-8EAA-F5190B61D06F} = {26CB4054-086D-3092-8EAA-F5190B61D06F}
		{0C116538-7C43-3F65-A74D-FECADC465674} = {0C116538-7C43-3F65-A74D-FECADC465674}
		{4E41EFA0-38F3-357D-A229-03665EB22DC1} = {4E41EFA0-38F3-357D-A229-03665EB22DC1}
		{15F5A85E-C91D-3581-8D0E-3369584A9953} = {15F5A85E-C91D-3581-8D0E-3369584A9953}
		{57AE929C-AB07-3D9D-8A98-333CC6E8FF96} = {57AE929C-AB07-3D9D-8A98-333CC6E8FF96}
	EndProjectSection
EndProject
Project("{8BC9CEB8-8B4A-11D0-8D11-00A0C91BC942}") = "ms_optimize", "ms_optimize.vcxproj", "{A0DEB2DA-B9D7-3993-8A4E-509BDA436534}"
	ProjectSection(ProjectDependencies) = postProject
		{3E3C9390-02BA-3AD5-B443-6C91F45BA8F3} = {3E3C9390-02BA-3AD5-B443-6C91F45BA8F3}
		{26CB4054-086D-3092-8EAA-F5190B61D06F} = {26CB4054-086D-3092-8EAA-F5190B61D06F}
		{0C116538-7C43-3F65-A74D-FECADC465674} = {0C116538-7C43-3F65-A74D-FECADC465674}
		{4E41EFA0-38F3-357D-A229-03665EB22DC1} = {4E41EFA0-38F3-357D-A229-03665EB22DC1}
	EndProjectSection
EndProject
Project("{8BC9CEB8-8B4A-11D0-8D11-00A0C91BC942}") = "ms_scanner", "ms_scanner.vcxproj", "{40B792FF-1183-3B68-ACBB-3E0E042C9D44}"
	ProjectSection(ProjectDependencies) = postProject
		{3E3C9390-02BA-3AD5-B443-6C91F45BA8F3} = {3E3C9390-02BA-3AD5-B443-6C91F45BA8F3}
	EndProjectSection
EndProject
Project("{8BC9CEB8-8B4A-11D0-8D11-00A0C91BC942}") = "ms_serializer", "ms_serializer.vcxproj", "{7FCD2A2B-A1CD-3FEF-BDC8-6EA57BEB5862}"
	ProjectSection(ProjectDependencies) = postProject
		{3E3C9390-02BA-3AD5-B443-6C91F45BA8F3} = {3E3C9390-02BA-3AD5-B443-6C91F45BA8F3}
		{26CB4054-086D-3092-8EAA-F5190B61D06F} = {26CB4054-086D-3092-8EAA-F5190B61D06F}
		{0C116538-7C43-3F65-A74D-FECADC465674} = {0C116538-7C43-3F65-A74D-FECADC465674}
		{A9AA4785-5631-3320-AC0B-DA6355481614} = {A9AA4785-5631-3320-AC0B-DA6355481614}
		{4E41EFA0-38F3-357D-A229-03665EB22DC1} = {4E41EFA0-38F3-357D-A229-03665EB22DC1}
		{15F5A85E-C91D-3581-8D0E-3369584A9953} = {15F5A85E-C91D-3581-8D0E-3369584A9953}
		{7AFBE866-D4F4-39D5-87A9-093960FC6011} = {7AFBE866-D4F4-39D5-87A9-093960FC6011}
		{57AE929C-AB07-3D9D-8A98-333CC6E8FF96} = {57AE929C-AB07-3D9D-8A98-333CC6E8FF96}
	EndProjectSection
EndProject
Project("{8BC9CEB8-8B4A-11D0-8D11-00A0C91BC942}") = "ms_support", "ms_support.vcxproj", "{4E41EFA0-38F3-357D-A229-03665EB22DC1}"
	ProjectSection(ProjectDependencies) = postProject
		{3E3C9390-02BA-3AD5-B443-6C91F45BA8F3} = {3E3C9390-02BA-3AD5-B443-6C91F45BA8F3}
	EndProjectSection
EndProject
Project("{8BC9CEB8-8B4A-11D0-8D11-00A0C91BC942}") = "ms_table", "ms_table.vcxproj", "{15F5A85E-C91D-3581-8D0E-3369584A9953}"
	ProjectSection(ProjectDependencies) = postProject
		{3E3C9390-02BA-3AD5-B443-6C91F45BA8F3} = {3E3C9390-02BA-3AD5-B443-6C91F45BA8F3}
		{4E41EFA0-38F3-357D-A229-03665EB22DC1} = {4E41EFA0-38F3-357D-A229-03665EB22DC1}
	EndProjectSection
EndProject
Project("{8BC9CEB8-8B4A-11D0-8D11-00A0C91BC942}") = "ms_vm", "ms_vm.vcxproj", "{7AFBE866-D4F4-39D5-87A9-093960FC6011}"
	ProjectSection(ProjectDependencies) = postProject
		{3E3C9390-02BA-3AD5-B443-6C91F45BA8F3} = {3E3C9390-02BA-3AD5-B443-6C91F45BA8F3}
		{26CB4054-086D-3092-8EAA-F5190B61D06F} = {26CB4054-086D-3092-8EAA-F5190B61D06F}
		{0C116538-7C43-3F65-A74D-FECADC465674} = {0C116538-7C43-3F65-A74D-FECADC465674}
		{A9AA4785-5631-3320-AC0B-DA6355481614} = {A9AA4785-5631-3320-AC0B-DA6355481614}
		{4E41EFA0-38F3-357D-A229-03665EB22DC1} = {4E41EFA0-38F3-357D-A229-03665EB22DC1}
		{15F5A85E-C91D-3581-8D0E-3369584A9953} = {15F5A85E-C91D-3581-8D0E-3369584A9953}
		{57AE929C-AB07-3D9D-8A98-333CC6E8FF96} = {57AE929C-AB07-3D9D-8A98-333CC6E8FF96}
	EndProjectSection
EndProject
Project("{8BC9CEB8-8B4A-11D0-8D11-00A0C91BC942}") = "ms_vtable", "ms_vtable.vcxproj", "{57AE929C-AB07-3D9D-8A98-333CC6E8FF96}"
	ProjectSection(ProjectDependencies) = postProject
		{3E3C9390-02BA-3AD5-B443-6C91F45BA8F3} = {3E3C9390-02BA-3AD5-B443-6C91F45BA8F3}
		{4E41EFA0-38F3-357D-A229-03665EB22DC1} = {4E41EFA0-38F3-357D-A229-03665EB22DC1}
	EndProjectSection
EndProject
Project("{8BC9CEB8-8B4A-11D0-8D11-00A0C91BC942}") = "mslang-c", "mslang-c.vcxproj", "{198A5079-4EAA-37F5-A74B-4278034BC297}"
	ProjectSection(ProjectDependencies) = postProject
		{3E3C9390-02BA-3AD5-B443-6C91F45BA8F3} = {3E3C9390-02BA-3AD5-B443-6C91F45BA8F3}
		{26CB4054-086D-3092-8EAA-F5190B61D06F} = {26CB4054-086D-3092-8EAA-F5190B61D06F}
		{F8A4023F-9FFD-3D86-B97B-BC75EDCDA3E8} = {F8A4023F-9FFD-3D86-B97B-BC75EDCDA3E8}
		{770770FE-71A4-382B-9CE3-67521B09B9D9} = {770770FE-71A4-382B-9CE3-67521B09B9D9}
		{0C116538-7C43-3F65-A74D-FECADC465674} = {0C116538-7C43-3F65-A74D-FECADC465674}
		{A9AA4785-5631-3320-AC0B-DA6355481614} = {A9AA4785-5631-3320-AC0B-DA6355481614}
		{A0DEB2DA-B9D7-3993-8A4E-509BDA436534} = {A0DEB2DA-B9D7-3993-8A4E-509BDA436534}
		{40B792FF-1183-3B68-ACBB-3E0E042C9D44} = {40B792FF-1183-3B68-ACBB-3E0E042C9D44}
		{7FCD2A2B-A1CD-3FEF-BDC8-6EA57BEB5862} = {7FCD2A2B-A1CD-3FEF-BDC8-6EA57BEB5862}
		{4E41EFA0-38F3-357D-A229-03665EB22DC1} = {4E41EFA0-38F3-357D-A229-03665EB22DC1}
		{15F5A85E-C91D-3581-8D0E-3369584A9953} = {15F5A85E-C91D-3581-8D0E-3369584A9953}
		{7AFBE866-D4F4-39D5-87A9-093960FC6011} = {7AFBE866-D4F4-39D5-87A9-093960FC6011}
		{57AE929C-AB07-3D9D-8A98-333CC6E8FF96} = {57AE929C-AB07-3D9D-8A98-333CC6E8FF96}
	EndProjectSection
EndProject
Project("{8BC9CEB8-8B4A-11D0-8D11-00A0C91BC942}") = "test_base_objects", "tests\test_base_objects.vcxproj", "{7C9B7C5D-A91B-373C-B72B-D324DF0BF847}"
	ProjectSection(ProjectDependencies) = postProject
		{3E3C9390-02BA-3AD5-B443-6C91F45BA8F3} = {3E3C9390-02BA-3AD5-B443-6C91F45BA8F3}
		{26CB4054-086D-3092-8EAA-F5190B61D06F} = {26CB4054-086D-3092-8EAA-F5190B61D06F}
		{F8A4023F-9FFD-3D86-B97B-BC75EDCDA3E8} = {F8A4023F-9FFD-3D86-B97B-BC75EDCDA3E8}
		{770770FE-71A4-382B-9CE3-67521B09B9D9} = {770770FE-71A4-382B-9CE3-67521B09B9D9}
		{0C116538-7C43-3F65-A74D-FECADC465674} = {0C116538-7C43-3F65-A74D-FECADC465674}
		{A9AA4785-5631-3320-AC0B-DA6355481614} = {A9AA4785-5631-3320-AC0B-DA6355481614}
		{A0DEB2DA-B9D7-3993-8A4E-509BDA436534} = {A0DEB2DA-B9D7-3993-8A4E-509BDA436534}
		{40B792FF-1183-3B68-ACBB-3E0E042C9D44} = {40B792FF-1183-3B68-ACBB-3E0E042C9D44}
		{7FCD2A2B-A1CD-3FEF-BDC8-6EA57BEB5862} = {7FCD2A2B-A1CD-3FEF-BDC8-6EA57BEB5862}
		{4E41EFA0-38F3-357D-A229-03665EB22DC1} = {4E41EFA0-38F3-357D-A229-03665EB22DC1}
		{15F5A85E-C91D-3581-8D0E-3369584A9953} = {15F5A85E-C91D-3581-8D0E-3369584A9953}
		{7AFBE866-D4F4-39D5-87A9-093960FC6011} = {7AFBE866-D4F4-39D5-87A9-093960FC6011}
		{57AE929C-AB07-3D9D-8A98-333CC6E8FF96} = {57AE929C-AB07-3D9D-8A98-333CC6E8FF96}
	EndProjectSection
EndProject
Project("{8BC9CEB8-8B4A-11D0-8D11-00A0C91BC942}") = "test_builtins", "tests\test_builtins.vcxproj", "{69FB1511-2696-314D-99F0-67A4F99C3E78}"
	ProjectSection(ProjectDependencies) = postProject
		{3E3C9390-02BA-3AD5-B443-6C91F45BA8F3} = {3E3C9390-02BA-3AD5-B443-6C91F45BA8F3}
		{26CB4054-086D-3092-8EAA-F5190B61D06F} = {26CB4054-086D-3092-8EAA-F5190B61D06F}
		{F8A4023F-9FFD-3D86-B97B-BC75EDCDA3E8} = {F8A4023F-9FFD-3D86-B97B-BC75EDCDA3E8}
		{770770FE-71A4-382B-9CE3-67521B09B9D9} = {770770FE-71A4-382B-9CE3-67521B09B9D9}
		{0C116538-7C43-3F65-A74D-FECADC465674} = {0C116538-7C43-3F65-A74D-FECADC465674}
		{A9AA4785-5631-3320-AC0B-DA6355481614} = {A9AA4785-5631-3320-AC0B-DA6355481614}
		{A0DEB2DA-B9D7-3993-8A4E-509BDA436534} = {A0DEB2DA-B9D7-3993-8A4E-509BDA436534}
		{40B792FF-1183-3B68-ACBB-3E0E042C9D44} = {40B792FF-1183-3B68-ACBB-3E0E042C9D44}
		{7FCD2A2B-A1CD-3FEF-BDC8-6EA57BEB5862} = {7FCD2A2B-A1CD-3FEF-BDC8-6EA57BEB5862}
		{4E41EFA0-38F3-357D-A229-03665EB22DC1} = {4E41EFA0-38F3-357D-A229-03665EB22DC1}
		{15F5A85E-C91D-3581-8D0E-3369584A9953} = {15F5A85E-C91D-3581-8D0E-3369584A9953}
		{7AFBE866-D4F4-39D5-87A9-093960FC6011} = {7AFBE866-D4F4-39D5-87A9-093960FC6011}
		{57AE929C-AB07-3D9D-8A98-333CC6E8FF96} = {57AE929C-AB07-3D9D-8A98-333CC6E8FF96}
	EndProjectSection
EndProject
Project("{8BC9CEB8-8B4A-11D0-8D11-00A0C91BC942}") = "test_chunk", "tests\test_chunk.vcxproj", "{B7F85C45-36E7-3ECE-B57F-D9CB14215E97}"
	ProjectSection(ProjectDependencies) = postProject
		{3E3C9390-02BA-3AD5-B443-6C91F45BA8F3} = {3E3C9390-02BA-3AD5-B443-6C91F45BA8F3}
		{26CB4054-086D-3092-8EAA-F5190B61D06F} = {26CB4054-086D-3092-8EAA-F5190B61D06F}
		{0C116538-7C43-3F65-A74D-FECADC465674} = {0C116538-7C43-3F65-A74D-FECADC465674}
		{4E41EFA0-38F3-357D-A229-03665EB22DC1} = {4E41EFA0-38F3-357D-A229-03665EB22DC1}
	EndProjectSection
EndProject
Project("{8BC9CEB8-8B4A-11D0-8D11-00A0C91BC942}") = "test_collections", "tests\test_collections.vcxproj", "{A9BB1B04-4495-31F5-A294-4C1ABD3DD4BA}"
	ProjectSection(ProjectDependencies) = postProject
		{3E3C9390-02BA-3AD5-B443-6C91F45BA8F3} = {3E3C9390-02BA-3AD5-B443-6C91F45BA8F3}
		{26CB4054-086D-3092-8EAA-F5190B61D06F} = {26CB4054-086D-3092-8EAA-F5190B61D06F}
		{F8A4023F-9FFD-3D86-B97B-BC75EDCDA3E8} = {F8A4023F-9FFD-3D86-B97B-BC75EDCDA3E8}
		{770770FE-71A4-382B-9CE3-67521B09B9D9} = {770770FE-71A4-382B-9CE3-67521B09B9D9}
		{0C116538-7C43-3F65-A74D-FECADC465674} = {0C116538-7C43-3F65-A74D-FECADC465674}
		{A9AA4785-5631-3320-AC0B-DA6355481614} = {A9AA4785-5631-3320-AC0B-DA6355481614}
		{A0DEB2DA-B9D7-3993-8A4E-509BDA436534} = {A0DEB2DA-B9D7-3993-8A4E-509BDA436534}
		{40B792FF-1183-3B68-ACBB-3E0E042C9D44} = {40B792FF-1183-3B68-ACBB-3E0E042C9D44}
		{7FCD2A2B-A1CD-3FEF-BDC8-6EA57BEB5862} = {7FCD2A2B-A1CD-3FEF-BDC8-6EA57BEB5862}
		{4E41EFA0-38F3-357D-A229-03665EB22DC1} = {4E41EFA0-38F3-357D-A229-03665EB22DC1}
		{15F5A85E-C91D-3581-8D0E-3369584A9953} = {15F5A85E-C91D-3581-8D0E-3369584A9953}
		{7AFBE866-D4F4-39D5-87A9-093960FC6011} = {7AFBE866-D4F4-39D5-87A9-093960FC6011}
		{57AE929C-AB07-3D9D-8A98-333CC6E8FF96} = {57AE929C-AB07-3D9D-8A98-333CC6E8FF96}
	EndProjectSection
EndProject
Project("{8BC9CEB8-8B4A-11D0-8D11-00A0C91BC942}") = "test_compiler_expr", "tests\test_compiler_expr.vcxproj", "{0CC3555A-94E8-3684-92C8-A4FDDB755B6B}"
	ProjectSection(ProjectDependencies) = postProject
		{3E3C9390-02BA-3AD5-B443-6C91F45BA8F3} = {3E3C9390-02BA-3AD5-B443-6C91F45BA8F3}
		{26CB4054-086D-3092-8EAA-F5190B61D06F} = {26CB4054-086D-3092-8EAA-F5190B61D06F}
		{F8A4023F-9FFD-3D86-B97B-BC75EDCDA3E8} = {F8A4023F-9FFD-3D86-B97B-BC75EDCDA3E8}
		{770770FE-71A4-382B-9CE3-67521B09B9D9} = {770770FE-71A4-382B-9CE3-67521B09B9D9}
		{0C116538-7C43-3F65-A74D-FECADC465674} = {0C116538-7C43-3F65-A74D-FECADC465674}
		{A9AA4785-5631-3320-AC0B-DA6355481614} = {A9AA4785-5631-3320-AC0B-DA6355481614}
		{A0DEB2DA-B9D7-3993-8A4E-509BDA436534} = {A0DEB2DA-B9D7-3993-8A4E-509BDA436534}
		{40B792FF-1183-3B68-ACBB-3E0E042C9D44} = {40B792FF-1183-3B68-ACBB-3E0E042C9D44}
		{7FCD2A2B-A1CD-3FEF-BDC8-6EA57BEB5862} = {7FCD2A2B-A1CD-3FEF-BDC8-6EA57BEB5862}
		{4E41EFA0-38F3-357D-A229-03665EB22DC1} = {4E41EFA0-38F3-357D-A229-03665EB22DC1}
		{15F5A85E-C91D-3581-8D0E-3369584A9953} = {15F5A85E-C91D-3581-8D0E-3369584A9953}
		{7AFBE866-D4F4-39D5-87A9-093960FC6011} = {7AFBE866-D4F4-39D5-87A9-093960FC6011}
		{57AE929C-AB07-3D9D-8A98-333CC6E8FF96} = {57AE929C-AB07-3D9D-8A98-333CC6E8FF96}
	EndProjectSection
EndProject
Project("{8BC9CEB8-8B4A-11D0-8D11-00A0C91BC942}") = "test_compiler_stmts", "tests\test_compiler_stmts.vcxproj", "{19CC4632-6235-304D-8F0C-EC4FF91B5399}"
	ProjectSection(ProjectDependencies) = postProject
		{3E3C9390-02BA-3AD5-B443-6C91F45BA8F3} = {3E3C9390-02BA-3AD5-B443-6C91F45BA8F3}
		{26CB4054-086D-3092-8EAA-F5190B61D06F} = {26CB4054-086D-3092-8EAA-F5190B61D06F}
		{F8A4023F-9FFD-3D86-B97B-BC75EDCDA3E8} = {F8A4023F-9FFD-3D86-B97B-BC75EDCDA3E8}
		{770770FE-71A4-382B-9CE3-67521B09B9D9} = {770770FE-71A4-382B-9CE3-67521B09B9D9}
		{0C116538-7C43-3F65-A74D-FECADC465674} = {0C116538-7C43-3F65-A74D-FECADC465674}
		{A9AA4785-5631-3320-AC0B-DA6355481614} = {A9AA4785-5631-3320-AC0B-DA6355481614}
		{A0DEB2DA-B9D7-3993-8A4E-509BDA436534} = {A0DEB2DA-B9D7-3993-8A4E-509BDA436534}
		{40B792FF-1183-3B68-ACBB-3E0E042C9D44} = {40B792FF-1183-3B68-ACBB-3E0E042C9D44}
		{7FCD2A2B-A1CD-3FEF-BDC8-6EA57BEB5862} = {7FCD2A2B-A1CD-3FEF-BDC8-6EA57BEB5862}
		{4E41EFA0-38F3-357D-A229-03665EB22DC1} = {4E41EFA0-38F3-357D-A229-03665EB22DC1}
		{15F5A85E-C91D-3581-8D0E-3369584A9953} = {15F5A85E-C91D-3581-8D0E-3369584A9953}
		{7AFBE866-D4F4-39D5-87A9-093960FC6011} = {7AFBE866-D4F4-39D5-87A9-093960FC6011}
		{57AE929C-AB07-3D9D-8A98-333CC6E8FF96} = {57AE929C-AB07-3D9D-8A98-333CC6E8FF96}
	EndProjectSection
EndProject
Project("{8BC9CEB8-8B4A-11D0-8D11-00A0C91BC942}") = "test_compiler_vars", "tests\test_compiler_vars.vcxproj", "{8E08EB54-6FF9-3C8A-8398-DB6837FEF084}"
	ProjectSection(ProjectDependencies) = postProject
		{3E3C9390-02BA-3AD5-B443-6C91F45BA8F3} = {3E3C9390-02BA-3AD5-B443-6C91F45BA8F3}
		{26CB4054-086D-3092-8EAA-F5190B61D06F} = {26CB4054-086D-3092-8EAA-F5190B61D06F}
		{F8A4023F-9FFD-3D86-B97B-BC75EDCDA3E8} = {F8A4023F-9FFD-3D86-B97B-BC75EDCDA3E8}
		{770770FE-71A4-382B-9CE3-67521B09B9D9} = {770770FE-71A4-382B-9CE3-67521B09B9D9}
		{0C116538-7C43-3F65-A74D-FECADC465674} = {0C116538-7C43-3F65-A74D-FECADC465674}
		{A9AA4785-5631-3320-AC0B-DA6355481614} = {A9AA4785-5631-3320-AC0B-DA6355481614}
		{A0DEB2DA-B9D7-3993-8A4E-509BDA436534} = {A0DEB2DA-B9D7-3993-8A4E-509BDA436534}
		{40B792FF-1183-3B68-ACBB-3E0E042C9D44} = {40B792FF-1183-3B68-ACBB-3E0E042C9D44}
		{7FCD2A2B-A1CD-3FEF-BDC8-6EA57BEB5862} = {7FCD2A2B-A1CD-3FEF-BDC8-6EA57BEB5862}
		{4E41EFA0-38F3-357D-A229-03665EB22DC1} = {4E41EFA0-38F3-357D-A229-03665EB22DC1}
		{15F5A85E-C91D-3581-8D0E-3369584A9953} = {15F5A85E-C91D-3581-8D0E-3369584A9953}
		{7AFBE866-D4F4-39D5-87A9-093960FC6011} = {7AFBE866-D4F4-39D5-87A9-093960FC6011}
		{57AE929C-AB07-3D9D-8A98-333CC6E8FF96} = {57AE929C-AB07-3D9D-8A98-333CC6E8FF96}
	EndProjectSection
EndProject
Project("{8BC9CEB8-8B4A-11D0-8D11-00A0C91BC942}") = "test_coroutines", "tests\test_coroutines.vcxproj", "{82FE9AA4-401A-34A8-BF7E-E9DEADCC8D02}"
	ProjectSection(ProjectDependencies) = postProject
		{3E3C9390-02BA-3AD5-B443-6C91F45BA8F3} = {3E3C9390-02BA-3AD5-B443-6C91F45BA8F3}
		{26CB4054-086D-3092-8EAA-F5190B61D06F} = {26CB4054-086D-3092-8EAA-F5190B61D06F}
		{F8A4023F-9FFD-3D86-B97B-BC75EDCDA3E8} = {F8A4023F-9FFD-3D86-B97B-BC75EDCDA3E8}
		{770770FE-71A4-382B-9CE3-67521B09B9D9} = {770770FE-71A4-382B-9CE3-67521B09B9D9}
		{0C116538-7C43-3F65-A74D-FECADC465674} = {0C116538-7C43-3F65-A74D-FECADC465674}
		{A9AA4785-5631-3320-AC0B-DA6355481614} = {A9AA4785-5631-3320-AC0B-DA6355481614}
		{A0DEB2DA-B9D7-3993-8A4E-509BDA436534} = {A0DEB2DA-B9D7-3993-8A4E-509BDA436534}
		{40B792FF-1183-3B68-ACBB-3E0E042C9D44} = {40B792FF-1183-3B68-ACBB-3E0E042C9D44}
		{7FCD2A2B-A1CD-3FEF-BDC8-6EA57BEB5862} = {7FCD2A2B-A1CD-3FEF-BDC8-6EA57BEB5862}
		{4E41EFA0-38F3-357D-A229-03665EB22DC1} = {4E41EFA0-38F3-357D-A229-03665EB22DC1}
		{15F5A85E-C91D-3581-8D0E-3369584A9953} = {15F5A85E-C91D-3581-8D0E-3369584A9953}
		{7AFBE866-D4F4-39D5-87A9-093960FC6011} = {7AFBE866-D4F4-39D5-87A9-093960FC6011}
		{57AE929C-AB07-3D9D-8A98-333CC6E8FF96} = {57AE929C-AB07-3D9D-8A98-333CC6E8FF96}
	EndProjectSection
EndProject
Project("{8BC9CEB8-8B4A-11D0-8D11-00A0C91BC942}") = "test_debug", "tests\test_debug.vcxproj", "{0AAC3BA7-0CB3-3CA1-A5F5-BDBE75A16C00}"
	ProjectSection(ProjectDependencies) = postProject
		{3E3C9390-02BA-3AD5-B443-6C91F45BA8F3} = {3E3C9390-02BA-3AD5-B443-6C91F45BA8F3}
		{26CB4054-086D-3092-8EAA-F5190B61D06F} = {26CB4054-086D-3092-8EAA-F5190B61D06F}
		{F8A4023F-9FFD-3D86-B97B-BC75EDCDA3E8} = {F8A4023F-9FFD-3D86-B97B-BC75EDCDA3E8}
		{0C116538-7C43-3F65-A74D-FECADC465674} = {0C116538-7C43-3F65-A74D-FECADC465674}
		{4E41EFA0-38F3-357D-A229-03665EB22DC1} = {4E41EFA0-38F3-357D-A229-03665EB22DC1}
	EndProjectSection
EndProject
Project("{8BC9CEB8-8B4A-11D0-8D11-00A0C91BC942}") = "test_exceptions", "tests\test_exceptions.vcxproj", "{6DF2FA21-CB4D-3A3D-A95F-56E64F5CD56B}"
	ProjectSection(ProjectDependencies) = postProject
		{3E3C9390-02BA-3AD5-B443-6C91F45BA8F3} = {3E3C9390-02BA-3AD5-B443-6C91F45BA8F3}
		{26CB4054-086D-3092-8EAA-F5190B61D06F} = {26CB4054-086D-3092-8EAA-F5190B61D06F}
		{F8A4023F-9FFD-3D86-B97B-BC75EDCDA3E8} = {F8A4023F-9FFD-3D86-B97B-BC75EDCDA3E8}
		{770770FE-71A4-382B-9CE3-67521B09B9D9} = {770770FE-71A4-382B-9CE3-67521B09B9D9}
		{0C116538-7C43-3F65-A74D-FECADC465674} = {0C116538-7C43-3F65-A74D-FECADC465674}
		{A9AA4785-5631-3320-AC0B-DA6355481614} = {A9AA4785-5631-3320-AC0B-DA6355481614}
		{A0DEB2DA-B9D7-3993-8A4E-509BDA436534} = {A0DEB2DA-B9D7-3993-8A4E-509BDA436534}
		{40B792FF-1183-3B68-ACBB-3E0E042C9D44} = {40B792FF-1183-3B68-ACBB-3E0E042C9D44}
		{7FCD2A2B-A1CD-3FEF-BDC8-6EA57BEB5862} = {7FCD2A2B-A1CD-3FEF-BDC8-6EA57BEB5862}
		{4E41EFA0-38F3-357D-A229-03665EB22DC1} = {4E41EFA0-38F3-357D-A229-03665EB22DC1}
		{15F5A85E-C91D-3581-8D0E-3369584A9953} = {15F5A85E-C91D-3581-8D0E-3369584A9953}
		{7AFBE866-D4F4-39D5-87A9-093960FC6011} = {7AFBE866-D4F4-39D5-87A9-093960FC6011}
		{57AE929C-AB07-3D9D-8A98-333CC6E8FF96} = {57AE929C-AB07-3D9D-8A98-333CC6E8FF96}
	EndProjectSection
EndProject
Project("{8BC9CEB8-8B4A-11D0-8D11-00A0C91BC942}") = "test_gc", "tests\test_gc.vcxproj", "{0596847F-624B-3D54-A62F-01170F99D4A2}"
	ProjectSection(ProjectDependencies) = postProject
		{3E3C9390-02BA-3AD5-B443-6C91F45BA8F3} = {3E3C9390-02BA-3AD5-B443-6C91F45BA8F3}
		{26CB4054-086D-3092-8EAA-F5190B61D06F} = {26CB4054-086D-3092-8EAA-F5190B61D06F}
		{F8A4023F-9FFD-3D86-B97B-BC75EDCDA3E8} = {F8A4023F-9FFD-3D86-B97B-BC75EDCDA3E8}
		{770770FE-71A4-382B-9CE3-67521B09B9D9} = {770770FE-71A4-382B-9CE3-67521B09B9D9}
		{0C116538-7C43-3F65-A74D-FECADC465674} = {0C116538-7C43-3F65-A74D-FECADC465674}
		{A9AA4785-5631-3320-AC0B-DA6355481614} = {A9AA4785-5631-3320-AC0B-DA6355481614}
		{A0DEB2DA-B9D7-3993-8A4E-509BDA436534} = {A0DEB2DA-B9D7-3993-8A4E-509BDA436534}
		{40B792FF-1183-3B68-ACBB-3E0E042C9D44} = {40B792FF-1183-3B68-ACBB-3E0E042C9D44}
		{7FCD2A2B-A1CD-3FEF-BDC8-6EA57BEB5862} = {7FCD2A2B-A1CD-3FEF-BDC8-6EA57BEB5862}
		{4E41EFA0-38F3-357D-A229-03665EB22DC1} = {4E41EFA0-38F3-357D-A229-03665EB22DC1}
		{15F5A85E-C91D-3581-8D0E-3369584A9953} = {15F5A85E-C91D-3581-8D0E-3369584A9953}
		{7AFBE866-D4F4-39D5-87A9-093960FC6011} = {7AFBE866-D4F4-39D5-87A9-093960FC6011}
		{57AE929C-AB07-3D9D-8A98-333CC6E8FF96} = {57AE929C-AB07-3D9D-8A98-333CC6E8FF96}
	EndProjectSection
EndProject
Project("{8BC9CEB8-8B4A-11D0-8D11-00A0C91BC942}") = "test_gc_gen", "tests\test_gc_gen.vcxproj", "{DA2D27A4-90CF-3263-BBD8-C944AA063163}"
	ProjectSection(ProjectDependencies) = postProject
		{3E3C9390-02BA-3AD5-B443-6C91F45BA8F3} = {3E3C9390-02BA-3AD5-B443-6C91F45BA8F3}
		{26CB4054-086D-3092-8EAA-F5190B61D06F} = {26CB4054-086D-3092-8EAA-F5190B61D06F}
		{F8A4023F-9FFD-3D86-B97B-BC75EDCDA3E8} = {F8A4023F-9FFD-3D86-B97B-BC75EDCDA3E8}
		{770770FE-71A4-382B-9CE3-67521B09B9D9} = {770770FE-71A4-382B-9CE3-67521B09B9D9}
		{0C116538-7C43-3F65-A74D-FECADC465674} = {0C116538-7C43-3F65-A74D-FECADC465674}
		{A9AA4785-5631-3320-AC0B-DA6355481614} = {A9AA4785-5631-3320-AC0B-DA6355481614}
		{A0DEB2DA-B9D7-3993-8A4E-509BDA436534} = {A0DEB2DA-B9D7-3993-8A4E-509BDA436534}
		{40B792FF-1183-3B68-ACBB-3E0E042C9D44} = {40B792FF-1183-3B68-ACBB-3E0E042C9D44}
		{7FCD2A2B-A1CD-3FEF-BDC8-6EA57BEB5862} = {7FCD2A2B-A1CD-3FEF-BDC8-6EA57BEB5862}
		{4E41EFA0-38F3-357D-A229-03665EB22DC1} = {4E41EFA0-38F3-357D-A229-03665EB22DC1}
		{15F5A85E-C91D-3581-8D0E-3369584A9953} = {15F5A85E-C91D-3581-8D0E-3369584A9953}
		{7AFBE866-D4F4-39D5-87A9-093960FC6011} = {7AFBE866-D4F4-39D5-87A9-093960FC6011}
		{57AE929C-AB07-3D9D-8A98-333CC6E8FF96} = {57AE929C-AB07-3D9D-8A98-333CC6E8FF96}
	EndProjectSection
EndProject
Project("{8BC9CEB8-8B4A-11D0-8D11-00A0C91BC942}") = "test_interp_exec", "tests\test_interp_exec.vcxproj", "{12C51278-C0E8-3CE9-B974-98AE8571A966}"
	ProjectSection(ProjectDependencies) = postProject
		{3E3C9390-02BA-3AD5-B443-6C91F45BA8F3} = {3E3C9390-02BA-3AD5-B443-6C91F45BA8F3}
		{26CB4054-086D-3092-8EAA-F5190B61D06F} = {26CB4054-086D-3092-8EAA-F5190B61D06F}
		{F8A4023F-9FFD-3D86-B97B-BC75EDCDA3E8} = {F8A4023F-9FFD-3D86-B97B-BC75EDCDA3E8}
		{770770FE-71A4-382B-9CE3-67521B09B9D9} = {770770FE-71A4-382B-9CE3-67521B09B9D9}
		{0C116538-7C43-3F65-A74D-FECADC465674} = {0C116538-7C43-3F65-A74D-FECADC465674}
		{A9AA4785-5631-3320-AC0B-DA6355481614} = {A9AA4785-5631-3320-AC0B-DA6355481614}
		{A0DEB2DA-B9D7-3993-8A4E-509BDA436534} = {A0DEB2DA-B9D7-3993-8A4E-509BDA436534}
		{40B792FF-1183-3B68-ACBB-3E0E042C9D44} = {40B792FF-1183-3B68-ACBB-3E0E042C9D44}
		{7FCD2A2B-A1CD-3FEF-BDC8-6EA57BEB5862} = {7FCD2A2B-A1CD-3FEF-BDC8-6EA57BEB5862}
		{4E41EFA0-38F3-357D-A229-03665EB22DC1} = {4E41EFA0-38F3-357D-A229-03665EB22DC1}
		{15F5A85E-C91D-3581-8D0E-3369584A9953} = {15F5A85E-C91D-3581-8D0E-3369584A9953}
		{7AFBE866-D4F4-39D5-87A9-093960FC6011} = {7AFBE866-D4F4-39D5-87A9-093960FC6011}
		{57AE929C-AB07-3D9D-8A98-333CC6E8FF96} = {57AE929C-AB07-3D9D-8A98-333CC6E8FF96}
	EndProjectSection
EndProject
Project("{8BC9CEB8-8B4A-11D0-8D11-00A0C91BC942}") = "test_modules", "tests\test_modules.vcxproj", "{07355564-14B6-3BBE-9CA7-29FA5EEF557E}"
	ProjectSection(ProjectDependencies) = postProject
		{3E3C9390-02BA-3AD5-B443-6C91F45BA8F3} = {3E3C9390-02BA-3AD5-B443-6C91F45BA8F3}
		{26CB4054-086D-3092-8EAA-F5190B61D06F} = {26CB4054-086D-3092-8EAA-F5190B61D06F}
		{F8A4023F-9FFD-3D86-B97B-BC75EDCDA3E8} = {F8A4023F-9FFD-3D86-B97B-BC75EDCDA3E8}
		{770770FE-71A4-382B-9CE3-67521B09B9D9} = {770770FE-71A4-382B-9CE3-67521B09B9D9}
		{0C116538-7C43-3F65-A74D-FECADC465674} = {0C116538-7C43-3F65-A74D-FECADC465674}
		{A9AA4785-5631-3320-AC0B-DA6355481614} = {A9AA4785-5631-3320-AC0B-DA6355481614}
		{A0DEB2DA-B9D7-3993-8A4E-509BDA436534} = {A0DEB2DA-B9D7-3993-8A4E-509BDA436534}
		{40B792FF-1183-3B68-ACBB-3E0E042C9D44} = {40B792FF-1183-3B68-ACBB-3E0E042C9D44}
		{7FCD2A2B-A1CD-3FEF-BDC8-6EA57BEB5862} = {7FCD2A2B-A1CD-3FEF-BDC8-6EA57BEB5862}
		{4E41EFA0-38F3-357D-A229-03665EB22DC1} = {4E41EFA0-38F3-357D-A229-03665EB22DC1}
		{15F5A85E-C91D-3581-8D0E-3369584A9953} = {15F5A85E-C91D-3581-8D0E-3369584A9953}
		{7AFBE866-D4F4-39D5-87A9-093960FC6011} = {7AFBE866-D4F4-39D5-87A9-093960FC6011}
		{57AE929C-AB07-3D9D-8A98-333CC6E8FF96} = {57AE929C-AB07-3D9D-8A98-333CC6E8FF96}
	EndProjectSection
EndProject
Project("{8BC9CEB8-8B4A-11D0-8D11-00A0C91BC942}") = "test_natives", "tests\test_natives.vcxproj", "{161544B9-C753-341E-A5B0-9BC52F047E17}"
	ProjectSection(ProjectDependencies) = postProject
		{3E3C9390-02BA-3AD5-B443-6C91F45BA8F3} = {3E3C9390-02BA-3AD5-B443-6C91F45BA8F3}
		{26CB4054-086D-3092-8EAA-F5190B61D06F} = {26CB4054-086D-3092-8EAA-F5190B61D06F}
		{F8A4023F-9FFD-3D86-B97B-BC75EDCDA3E8} = {F8A4023F-9FFD-3D86-B97B-BC75EDCDA3E8}
		{770770FE-71A4-382B-9CE3-67521B09B9D9} = {770770FE-71A4-382B-9CE3-67521B09B9D9}
		{0C116538-7C43-3F65-A74D-FECADC465674} = {0C116538-7C43-3F65-A74D-FECADC465674}
		{A9AA4785-5631-3320-AC0B-DA6355481614} = {A9AA4785-5631-3320-AC0B-DA6355481614}
		{A0DEB2DA-B9D7-3993-8A4E-509BDA436534} = {A0DEB2DA-B9D7-3993-8A4E-509BDA436534}
		{40B792FF-1183-3B68-ACBB-3E0E042C9D44} = {40B792FF-1183-3B68-ACBB-3E0E042C9D44}
		{7FCD2A2B-A1CD-3FEF-BDC8-6EA57BEB5862} = {7FCD2A2B-A1CD-3FEF-BDC8-6EA57BEB5862}
		{4E41EFA0-38F3-357D-A229-03665EB22DC1} = {4E41EFA0-38F3-357D-A229-03665EB22DC1}
		{15F5A85E-C91D-3581-8D0E-3369584A9953} = {15F5A85E-C91D-3581-8D0E-3369584A9953}
		{7AFBE866-D4F4-39D5-87A9-093960FC6011} = {7AFBE866-D4F4-39D5-87A9-093960FC6011}
		{57AE929C-AB07-3D9D-8A98-333CC6E8FF96} = {57AE929C-AB07-3D9D-8A98-333CC6E8FF96}
	EndProjectSection
EndProject
Project("{8BC9CEB8-8B4A-11D0-8D11-00A0C91BC942}") = "test_object_string", "tests\test_object_string.vcxproj", "{9C61BFE2-CE60-328E-8C0B-708F11C0F756}"
	ProjectSection(ProjectDependencies) = postProject
		{3E3C9390-02BA-3AD5-B443-6C91F45BA8F3} = {3E3C9390-02BA-3AD5-B443-6C91F45BA8F3}
		{26CB4054-086D-3092-8EAA-F5190B61D06F} = {26CB4054-086D-3092-8EAA-F5190B61D06F}
		{F8A4023F-9FFD-3D86-B97B-BC75EDCDA3E8} = {F8A4023F-9FFD-3D86-B97B-BC75EDCDA3E8}
		{770770FE-71A4-382B-9CE3-67521B09B9D9} = {770770FE-71A4-382B-9CE3-67521B09B9D9}
		{0C116538-7C43-3F65-A74D-FECADC465674} = {0C116538-7C43-3F65-A74D-FECADC465674}
		{A9AA4785-5631-3320-AC0B-DA6355481614} = {A9AA4785-5631-3320-AC0B-DA6355481614}
		{A0DEB2DA-B9D7-3993-8A4E-509BDA436534} = {A0DEB2DA-B9D7-3993-8A4E-509BDA436534}
		{40B792FF-1183-3B68-ACBB-3E0E042C9D44} = {40B792FF-1183-3B68-ACBB-3E0E042C9D44}
		{7FCD2A2B-A1CD-3FEF-BDC8-6EA57BEB5862} = {7FCD2A2B-A1CD-3FEF-BDC8-6EA57BEB5862}
		{4E41EFA0-38F3-357D-A229-03665EB22DC1} = {4E41EFA0-38F3-357D-A229-03665EB22DC1}
		{15F5A85E-C91D-3581-8D0E-3369584A9953} = {15F5A85E-C91D-3581-8D0E-3369584A9953}
		{7AFBE866-D4F4-39D5-87A9-093960FC6011} = {7AFBE866-D4F4-39D5-87A9-093960FC6011}
		{57AE929C-AB07-3D9D-8A98-333CC6E8FF96} = {57AE929C-AB07-3D9D-8A98-333CC6E8FF96}
	EndProjectSection
EndProject
Project("{8BC9CEB8-8B4A-11D0-8D11-00A0C91BC942}") = "test_oop", "tests\test_oop.vcxproj", "{2D2C7EFE-CEF1-31C9-A474-8CCA55259F4E}"
	ProjectSection(ProjectDependencies) = postProject
		{3E3C9390-02BA-3AD5-B443-6C91F45BA8F3} = {3E3C9390-02BA-3AD5-B443-6C91F45BA8F3}
		{26CB4054-086D-3092-8EAA-F5190B61D06F} = {26CB4054-086D-3092-8EAA-F5190B61D06F}
		{F8A4023F-9FFD-3D86-B97B-BC75EDCDA3E8} = {F8A4023F-9FFD-3D86-B97B-BC75EDCDA3E8}
		{770770FE-71A4-382B-9CE3-67521B09B9D9} = {770770FE-71A4-382B-9CE3-67521B09B9D9}
		{0C116538-7C43-3F65-A74D-FECADC465674} = {0C116538-7C43-3F65-A74D-FECADC465674}
		{A9AA4785-5631-3320-AC0B-DA6355481614} = {A9AA4785-5631-3320-AC0B-DA6355481614}
		{A0DEB2DA-B9D7-3993-8A4E-509BDA436534} = {A0DEB2DA-B9D7-3993-8A4E-509BDA436534}
		{40B792FF-1183-3B68-ACBB-3E0E042C9D44} = {40B792FF-1183-3B68-ACBB-3E0E042C9D44}
		{7FCD2A2B-A1CD-3FEF-BDC8-6EA57BEB5862} = {7FCD2A2B-A1CD-3FEF-BDC8-6EA57BEB5862}
		{4E41EFA0-38F3-357D-A229-03665EB22DC1} = {4E41EFA0-38F3-357D-A229-03665EB22DC1}
		{15F5A85E-C91D-3581-8D0E-3369584A9953} = {15F5A85E-C91D-3581-8D0E-3369584A9953}
		{7AFBE866-D4F4-39D5-87A9-093960FC6011} = {7AFBE866-D4F4-39D5-87A9-093960FC6011}
		{57AE929C-AB07-3D9D-8A98-333CC6E8FF96} = {57AE929C-AB07-3D9D-8A98-333CC6E8FF96}
	EndProjectSection
EndProject
Project("{8BC9CEB8-8B4A-11D0-8D11-00A0C91BC942}") = "test_oop_inherit", "tests\test_oop_inherit.vcxproj", "{D7622E76-7F8F-35E8-B729-288E04C9EFD1}"
	ProjectSection(ProjectDependencies) = postProject
		{3E3C9390-02BA-3AD5-B443-6C91F45BA8F3} = {3E3C9390-02BA-3AD5-B443-6C91F45BA8F3}
		{26CB4054-086D-3092-8EAA-F5190B61D06F} = {26CB4054-086D-3092-8EAA-F5190B61D06F}
		{F8A4023F-9FFD-3D86-B97B-BC75EDCDA3E8} = {F8A4023F-9FFD-3D86-B97B-BC75EDCDA3E8}
		{770770FE-71A4-382B-9CE3-67521B09B9D9} = {770770FE-71A4-382B-9CE3-67521B09B9D9}
		{0C116538-7C43-3F65-A74D-FECADC465674} = {0C116538-7C43-3F65-A74D-FECADC465674}
		{A9AA4785-5631-3320-AC0B-DA6355481614} = {A9AA4785-5631-3320-AC0B-DA6355481614}
		{A0DEB2DA-B9D7-3993-8A4E-509BDA436534} = {A0DEB2DA-B9D7-3993-8A4E-509BDA436534}
		{40B792FF-1183-3B68-ACBB-3E0E042C9D44} = {40B792FF-1183-3B68-ACBB-3E0E042C9D44}
		{7FCD2A2B-A1CD-3FEF-BDC8-6EA57BEB5862} = {7FCD2A2B-A1CD-3FEF-BDC8-6EA57BEB5862}
		{4E41EFA0-38F3-357D-A229-03665EB22DC1} = {4E41EFA0-38F3-357D-A229-03665EB22DC1}
		{15F5A85E-C91D-3581-8D0E-3369584A9953} = {15F5A85E-C91D-3581-8D0E-3369584A9953}
		{7AFBE866-D4F4-39D5-87A9-093960FC6011} = {7AFBE866-D4F4-39D5-87A9-093960FC6011}
		{57AE929C-AB07-3D9D-8A98-333CC6E8FF96} = {57AE929C-AB07-3D9D-8A98-333CC6E8FF96}
	EndProjectSection
EndProject
Project("{8BC9CEB8-8B4A-11D0-8D11-00A0C91BC942}") = "test_optimize", "tests\test_optimize.vcxproj", "{6D633046-B7A8-3F59-A6CA-4D91E1168115}"
	ProjectSection(ProjectDependencies) = postProject
		{3E3C9390-02BA-3AD5-B443-6C91F45BA8F3} = {3E3C9390-02BA-3AD5-B443-6C91F45BA8F3}
		{26CB4054-086D-3092-8EAA-F5190B61D06F} = {26CB4054-086D-3092-8EAA-F5190B61D06F}
		{0C116538-7C43-3F65-A74D-FECADC465674} = {0C116538-7C43-3F65-A74D-FECADC465674}
		{A0DEB2DA-B9D7-3993-8A4E-509BDA436534} = {A0DEB2DA-B9D7-3993-8A4E-509BDA436534}
		{4E41EFA0-38F3-357D-A229-03665EB22DC1} = {4E41EFA0-38F3-357D-A229-03665EB22DC1}
	EndProjectSection
EndProject
Project("{8BC9CEB8-8B4A-11D0-8D11-00A0C91BC942}") = "test_quickening", "tests\test_quickening.vcxproj", "{48A42BBD-912C-3026-A6A8-54D9A9D8421D}"
	ProjectSection(ProjectDependencies) = postProject
		{3E3C9390-02BA-3AD5-B443-6C91F45BA8F3} = {3E3C9390-02BA-3AD5-B443-6C91F45BA8F3}
		{26CB4054-086D-3092-8EAA-F5190B61D06F} = {26CB4054-086D-3092-8EAA-F5190B61D06F}
		{F8A4023F-9FFD-3D86-B97B-BC75EDCDA3E8} = {F8A4023F-9FFD-3D86-B97B-BC75EDCDA3E8}
		{770770FE-71A4-382B-9CE3-67521B09B9D9} = {770770FE-71A4-382B-9CE3-67521B09B9D9}
		{0C116538-7C43-3F65-A74D-FECADC465674} = {0C116538-7C43-3F65-A74D-FECADC465674}
		{A9AA4785-5631-3320-AC0B-DA6355481614} = {A9AA4785-5631-3320-AC0B-DA6355481614}
		{A0DEB2DA-B9D7-3993-8A4E-509BDA436534} = {A0DEB2DA-B9D7-3993-8A4E-509BDA436534}
		{40B792FF-1183-3B68-ACBB-3E0E042C9D44} = {40B792FF-1183-3B68-ACBB-3E0E042C9D44}
		{7FCD2A2B-A1CD-3FEF-BDC8-6EA57BEB5862} = {7FCD2A2B-A1CD-3FEF-BDC8-6EA57BEB5862}
		{4E41EFA0-38F3-357D-A229-03665EB22DC1} = {4E41EFA0-38F3-357D-A229-03665EB22DC1}
		{15F5A85E-C91D-3581-8D0E-3369584A9953} = {15F5A85E-C91D-3581-8D0E-3369584A9953}
		{7AFBE866-D4F4-39D5-87A9-093960FC6011} = {7AFBE866-D4F4-39D5-87A9-093960FC6011}
		{57AE929C-AB07-3D9D-8A98-333CC6E8FF96} = {57AE929C-AB07-3D9D-8A98-333CC6E8FF96}
	EndProjectSection
EndProject
Project("{8BC9CEB8-8B4A-11D0-8D11-00A0C91BC942}") = "test_scanner", "tests\test_scanner.vcxproj", "{4FBB465D-FCAF-3EEF-816C-42E5CBBA7643}"
	ProjectSection(ProjectDependencies) = postProject
		{3E3C9390-02BA-3AD5-B443-6C91F45BA8F3} = {3E3C9390-02BA-3AD5-B443-6C91F45BA8F3}
		{40B792FF-1183-3B68-ACBB-3E0E042C9D44} = {40B792FF-1183-3B68-ACBB-3E0E042C9D44}
	EndProjectSection
EndProject
Project("{8BC9CEB8-8B4A-11D0-8D11-00A0C91BC942}") = "test_scanner_interp", "tests\test_scanner_interp.vcxproj", "{A526C6C7-AE53-379D-8025-5CA6EA8180D4}"
	ProjectSection(ProjectDependencies) = postProject
		{3E3C9390-02BA-3AD5-B443-6C91F45BA8F3} = {3E3C9390-02BA-3AD5-B443-6C91F45BA8F3}
		{40B792FF-1183-3B68-ACBB-3E0E042C9D44} = {40B792FF-1183-3B68-ACBB-3E0E042C9D44}
	EndProjectSection
EndProject
Project("{8BC9CEB8-8B4A-11D0-8D11-00A0C91BC942}") = "test_serializer", "tests\test_serializer.vcxproj", "{0C7F8F96-E08E-395C-B220-71982C854A1F}"
	ProjectSection(ProjectDependencies) = postProject
		{3E3C9390-02BA-3AD5-B443-6C91F45BA8F3} = {3E3C9390-02BA-3AD5-B443-6C91F45BA8F3}
		{26CB4054-086D-3092-8EAA-F5190B61D06F} = {26CB4054-086D-3092-8EAA-F5190B61D06F}
		{F8A4023F-9FFD-3D86-B97B-BC75EDCDA3E8} = {F8A4023F-9FFD-3D86-B97B-BC75EDCDA3E8}
		{770770FE-71A4-382B-9CE3-67521B09B9D9} = {770770FE-71A4-382B-9CE3-67521B09B9D9}
		{0C116538-7C43-3F65-A74D-FECADC465674} = {0C116538-7C43-3F65-A74D-FECADC465674}
		{A9AA4785-5631-3320-AC0B-DA6355481614} = {A9AA4785-5631-3320-AC0B-DA6355481614}
		{A0DEB2DA-B9D7-3993-8A4E-509BDA436534} = {A0DEB2DA-B9D7-3993-8A4E-509BDA436534}
		{40B792FF-1183-3B68-ACBB-3E0E042C9D44} = {40B792FF-1183-3B68-ACBB-3E0E042C9D44}
		{7FCD2A2B-A1CD-3FEF-BDC8-6EA57BEB5862} = {7FCD2A2B-A1CD-3FEF-BDC8-6EA57BEB5862}
		{4E41EFA0-38F3-357D-A229-03665EB22DC1} = {4E41EFA0-38F3-357D-A229-03665EB22DC1}
		{15F5A85E-C91D-3581-8D0E-3369584A9953} = {15F5A85E-C91D-3581-8D0E-3369584A9953}
		{7AFBE866-D4F4-39D5-87A9-093960FC6011} = {7AFBE866-D4F4-39D5-87A9-093960FC6011}
		{57AE929C-AB07-3D9D-8A98-333CC6E8FF96} = {57AE929C-AB07-3D9D-8A98-333CC6E8FF96}
	EndProjectSection
EndProject
Project("{8BC9CEB8-8B4A-11D0-8D11-00A0C91BC942}") = "test_shapes", "tests\test_shapes.vcxproj", "{4D09BC29-7366-38F4-B458-AE4C492B8E77}"
	ProjectSection(ProjectDependencies) = postProject
		{3E3C9390-02BA-3AD5-B443-6C91F45BA8F3} = {3E3C9390-02BA-3AD5-B443-6C91F45BA8F3}
		{26CB4054-086D-3092-8EAA-F5190B61D06F} = {26CB4054-086D-3092-8EAA-F5190B61D06F}
		{F8A4023F-9FFD-3D86-B97B-BC75EDCDA3E8} = {F8A4023F-9FFD-3D86-B97B-BC75EDCDA3E8}
		{770770FE-71A4-382B-9CE3-67521B09B9D9} = {770770FE-71A4-382B-9CE3-67521B09B9D9}
		{0C116538-7C43-3F65-A74D-FECADC465674} = {0C116538-7C43-3F65-A74D-FECADC465674}
		{A9AA4785-5631-3320-AC0B-DA6355481614} = {A9AA4785-5631-3320-AC0B-DA6355481614}
		{A0DEB2DA-B9D7-3993-8A4E-509BDA436534} = {A0DEB2DA-B9D7-3993-8A4E-509BDA436534}
		{40B792FF-1183-3B68-ACBB-3E0E042C9D44} = {40B792FF-1183-3B68-ACBB-3E0E042C9D44}
		{7FCD2A2B-A1CD-3FEF-BDC8-6EA57BEB5862} = {7FCD2A2B-A1CD-3FEF-BDC8-6EA57BEB5862}
		{4E41EFA0-38F3-357D-A229-03665EB22DC1} = {4E41EFA0-38F3-357D-A229-03665EB22DC1}
		{15F5A85E-C91D-3581-8D0E-3369584A9953} = {15F5A85E-C91D-3581-8D0E-3369584A9953}
		{7AFBE866-D4F4-39D5-87A9-093960FC6011} = {7AFBE866-D4F4-39D5-87A9-093960FC6011}
		{57AE929C-AB07-3D9D-8A98-333CC6E8FF96} = {57AE929C-AB07-3D9D-8A98-333CC6E8FF96}
	EndProjectSection
EndProject
Project("{8BC9CEB8-8B4A-11D0-8D11-00A0C91BC942}") = "test_smoke", "tests\test_smoke.vcxproj", "{3756DC06-7780-3FB1-B736-5845D439C41B}"
	ProjectSection(ProjectDependencies) = postProject
		{3E3C9390-02BA-3AD5-B443-6C91F45BA8F3} = {3E3C9390-02BA-3AD5-B443-6C91F45BA8F3}
	EndProjectSection
EndProject
Project("{8BC9CEB8-8B4A-11D0-8D11-00A0C91BC942}") = "test_table", "tests\test_table.vcxproj", "{A11CEB9C-EB1C-3B69-A787-44C39E187E7C}"
	ProjectSection(ProjectDependencies) = postProject
		{3E3C9390-02BA-3AD5-B443-6C91F45BA8F3} = {3E3C9390-02BA-3AD5-B443-6C91F45BA8F3}
		{4E41EFA0-38F3-357D-A229-03665EB22DC1} = {4E41EFA0-38F3-357D-A229-03665EB22DC1}
		{15F5A85E-C91D-3581-8D0E-3369584A9953} = {15F5A85E-C91D-3581-8D0E-3369584A9953}
	EndProjectSection
EndProject
Project("{8BC9CEB8-8B4A-11D0-8D11-00A0C91BC942}") = "test_value", "tests\test_value.vcxproj", "{F079DED3-0800-33F2-A52C-BB4CB48DB652}"
	ProjectSection(ProjectDependencies) = postProject
		{3E3C9390-02BA-3AD5-B443-6C91F45BA8F3} = {3E3C9390-02BA-3AD5-B443-6C91F45BA8F3}
		{4E41EFA0-38F3-357D-A229-03665EB22DC1} = {4E41EFA0-38F3-357D-A229-03665EB22DC1}
	EndProjectSection
EndProject
Project("{8BC9CEB8-8B4A-11D0-8D11-00A0C91BC942}") = "test_vm_basic", "tests\test_vm_basic.vcxproj", "{7EB29FCB-5B8E-3D62-9DE2-2362843D161F}"
	ProjectSection(ProjectDependencies) = postProject
		{3E3C9390-02BA-3AD5-B443-6C91F45BA8F3} = {3E3C9390-02BA-3AD5-B443-6C91F45BA8F3}
		{26CB4054-086D-3092-8EAA-F5190B61D06F} = {26CB4054-086D-3092-8EAA-F5190B61D06F}
		{F8A4023F-9FFD-3D86-B97B-BC75EDCDA3E8} = {F8A4023F-9FFD-3D86-B97B-BC75EDCDA3E8}
		{770770FE-71A4-382B-9CE3-67521B09B9D9} = {770770FE-71A4-382B-9CE3-67521B09B9D9}
		{0C116538-7C43-3F65-A74D-FECADC465674} = {0C116538-7C43-3F65-A74D-FECADC465674}
		{A9AA4785-5631-3320-AC0B-DA6355481614} = {A9AA4785-5631-3320-AC0B-DA6355481614}
		{A0DEB2DA-B9D7-3993-8A4E-509BDA436534} = {A0DEB2DA-B9D7-3993-8A4E-509BDA436534}
		{40B792FF-1183-3B68-ACBB-3E0E042C9D44} = {40B792FF-1183-3B68-ACBB-3E0E042C9D44}
		{7FCD2A2B-A1CD-3FEF-BDC8-6EA57BEB5862} = {7FCD2A2B-A1CD-3FEF-BDC8-6EA57BEB5862}
		{4E41EFA0-38F3-357D-A229-03665EB22DC1} = {4E41EFA0-38F3-357D-A229-03665EB22DC1}
		{15F5A85E-C91D-3581-8D0E-3369584A9953} = {15F5A85E-C91D-3581-8D0E-3369584A9953}
		{7AFBE866-D4F4-39D5-87A9-093960FC6011} = {7AFBE866-D4F4-39D5-87A9-093960FC6011}
		{57AE929C-AB07-3D9D-8A98-333CC6E8FF96} = {57AE929C-AB07-3D9D-8A98-333CC6E8FF96}
	EndProjectSection
EndProject
Project("{8BC9CEB8-8B4A-11D0-8D11-00A0C91BC942}") = "test_vm_closures", "tests\test_vm_closures.vcxproj", "{8EEA63CC-7CE3-3E15-BE50-CC34232EFD9A}"
	ProjectSection(ProjectDependencies) = postProject
		{3E3C9390-02BA-3AD5-B443-6C91F45BA8F3} = {3E3C9390-02BA-3AD5-B443-6C91F45BA8F3}
		{26CB4054-086D-3092-8EAA-F5190B61D06F} = {26CB4054-086D-3092-8EAA-F5190B61D06F}
		{F8A4023F-9FFD-3D86-B97B-BC75EDCDA3E8} = {F8A4023F-9FFD-3D86-B97B-BC75EDCDA3E8}
		{770770FE-71A4-382B-9CE3-67521B09B9D9} = {770770FE-71A4-382B-9CE3-67521B09B9D9}
		{0C116538-7C43-3F65-A74D-FECADC465674} = {0C116538-7C43-3F65-A74D-FECADC465674}
		{A9AA4785-5631-3320-AC0B-DA6355481614} = {A9AA4785-5631-3320-AC0B-DA6355481614}
		{A0DEB2DA-B9D7-3993-8A4E-509BDA436534} = {A0DEB2DA-B9D7-3993-8A4E-509BDA436534}
		{40B792FF-1183-3B68-ACBB-3E0E042C9D44} = {40B792FF-1183-3B68-ACBB-3E0E042C9D44}
		{7FCD2A2B-A1CD-3FEF-BDC8-6EA57BEB5862} = {7FCD2A2B-A1CD-3FEF-BDC8-6EA57BEB5862}
		{4E41EFA0-38F3-357D-A229-03665EB22DC1} = {4E41EFA0-38F3-357D-A229-03665EB22DC1}
		{15F5A85E-C91D-3581-8D0E-3369584A9953} = {15F5A85E-C91D-3581-8D0E-3369584A9953}
		{7AFBE866-D4F4-39D5-87A9-093960FC6011} = {7AFBE866-D4F4-39D5-87A9-093960FC6011}
		{57AE929C-AB07-3D9D-8A98-333CC6E8FF96} = {57AE929C-AB07-3D9D-8A98-333CC6E8FF96}
	EndProjectSection
EndProject
Project("{8BC9CEB8-8B4A-11D0-8D11-00A0C91BC942}") = "test_vm_control", "tests\test_vm_control.vcxproj", "{1195BF26-4B08-3102-A850-C92B15F82370}"
	ProjectSection(ProjectDependencies) = postProject
		{3E3C9390-02BA-3AD5-B443-6C91F45BA8F3} = {3E3C9390-02BA-3AD5-B443-6C91F45BA8F3}
		{26CB4054-086D-3092-8EAA-F5190B61D06F} = {26CB4054-086D-3092-8EAA-F5190B61D06F}
		{F8A4023F-9FFD-3D86-B97B-BC75EDCDA3E8} = {F8A4023F-9FFD-3D86-B97B-BC75EDCDA3E8}
		{770770FE-71A4-382B-9CE3-67521B09B9D9} = {770770FE-71A4-382B-9CE3-67521B09B9D9}
		{0C116538-7C43-3F65-A74D-FECADC465674} = {0C116538-7C43-3F65-A74D-FECADC465674}
		{A9AA4785-5631-3320-AC0B-DA6355481614} = {A9AA4785-5631-3320-AC0B-DA6355481614}
		{A0DEB2DA-B9D7-3993-8A4E-509BDA436534} = {A0DEB2DA-B9D7-3993-8A4E-509BDA436534}
		{40B792FF-1183-3B68-ACBB-3E0E042C9D44} = {40B792FF-1183-3B68-ACBB-3E0E042C9D44}
		{7FCD2A2B-A1CD-3FEF-BDC8-6EA57BEB5862} = {7FCD2A2B-A1CD-3FEF-BDC8-6EA57BEB5862}
		{4E41EFA0-38F3-357D-A229-03665EB22DC1} = {4E41EFA0-38F3-357D-A229-03665EB22DC1}
		{15F5A85E-C91D-3581-8D0E-3369584A9953} = {15F5A85E-C91D-3581-8D0E-3369584A9953}
		{7AFBE866-D4F4-39D5-87A9-093960FC6011} = {7AFBE866-D4F4-39D5-87A9-093960FC6011}
		{57AE929C-AB07-3D9D-8A98-333CC6E8FF96} = {57AE929C-AB07-3D9D-8A98-333CC6E8FF96}
	EndProjectSection
EndProject
Global
	GlobalSection(SolutionConfigurationPlatforms) = preSolution
		Debug|x64 = Debug|x64
		Release|x64 = Release|x64
		MinSizeRel|x64 = MinSizeRel|x64
		RelWithDebInfo|x64 = RelWithDebInfo|x64
	EndGlobalSection
	GlobalSection(ProjectConfigurationPlatforms) = postSolution
		{36A44E5F-F48A-3572-830D-6E9148B95602}.Debug|x64.ActiveCfg = Debug|x64
		{36A44E5F-F48A-3572-830D-6E9148B95602}.Release|x64.ActiveCfg = Release|x64
		{36A44E5F-F48A-3572-830D-6E9148B95602}.MinSizeRel|x64.ActiveCfg = MinSizeRel|x64
		{36A44E5F-F48A-3572-830D-6E9148B95602}.RelWithDebInfo|x64.ActiveCfg = RelWithDebInfo|x64
		{9A63C2A6-D102-3DA2-910C-D822D500BB1A}.Debug|x64.ActiveCfg = Debug|x64
		{9A63C2A6-D102-3DA2-910C-D822D500BB1A}.Release|x64.ActiveCfg = Release|x64
		{9A63C2A6-D102-3DA2-910C-D822D500BB1A}.MinSizeRel|x64.ActiveCfg = MinSizeRel|x64
		{9A63C2A6-D102-3DA2-910C-D822D500BB1A}.RelWithDebInfo|x64.ActiveCfg = RelWithDebInfo|x64
		{3E3C9390-02BA-3AD5-B443-6C91F45BA8F3}.Debug|x64.ActiveCfg = Debug|x64
		{3E3C9390-02BA-3AD5-B443-6C91F45BA8F3}.Debug|x64.Build.0 = Debug|x64
		{3E3C9390-02BA-3AD5-B443-6C91F45BA8F3}.Release|x64.ActiveCfg = Release|x64
		{3E3C9390-02BA-3AD5-B443-6C91F45BA8F3}.Release|x64.Build.0 = Release|x64
		{3E3C9390-02BA-3AD5-B443-6C91F45BA8F3}.MinSizeRel|x64.ActiveCfg = MinSizeRel|x64
		{3E3C9390-02BA-3AD5-B443-6C91F45BA8F3}.MinSizeRel|x64.Build.0 = MinSizeRel|x64
		{3E3C9390-02BA-3AD5-B443-6C91F45BA8F3}.RelWithDebInfo|x64.ActiveCfg = RelWithDebInfo|x64
		{3E3C9390-02BA-3AD5-B443-6C91F45BA8F3}.RelWithDebInfo|x64.Build.0 = RelWithDebInfo|x64
		{26CB4054-086D-3092-8EAA-F5190B61D06F}.Debug|x64.ActiveCfg = Debug|x64
		{26CB4054-086D-3092-8EAA-F5190B61D06F}.Debug|x64.Build.0 = Debug|x64
		{26CB4054-086D-3092-8EAA-F5190B61D06F}.Release|x64.ActiveCfg = Release|x64
		{26CB4054-086D-3092-8EAA-F5190B61D06F}.Release|x64.Build.0 = Release|x64
		{26CB4054-086D-3092-8EAA-F5190B61D06F}.MinSizeRel|x64.ActiveCfg = MinSizeRel|x64
		{26CB4054-086D-3092-8EAA-F5190B61D06F}.MinSizeRel|x64.Build.0 = MinSizeRel|x64
		{26CB4054-086D-3092-8EAA-F5190B61D06F}.RelWithDebInfo|x64.ActiveCfg = RelWithDebInfo|x64
		{26CB4054-086D-3092-8EAA-F5190B61D06F}.RelWithDebInfo|x64.Build.0 = RelWithDebInfo|x64
		{F8A4023F-9FFD-3D86-B97B-BC75EDCDA3E8}.Debug|x64.ActiveCfg = Debug|x64
		{F8A4023F-9FFD-3D86-B97B-BC75EDCDA3E8}.Debug|x64.Build.0 = Debug|x64
		{F8A4023F-9FFD-3D86-B97B-BC75EDCDA3E8}.Release|x64.ActiveCfg = Release|x64
		{F8A4023F-9FFD-3D86-B97B-BC75EDCDA3E8}.Release|x64.Build.0 = Release|x64
		{F8A4023F-9FFD-3D86-B97B-BC75EDCDA3E8}.MinSizeRel|x64.ActiveCfg = MinSizeRel|x64
		{F8A4023F-9FFD-3D86-B97B-BC75EDCDA3E8}.MinSizeRel|x64.Build.0 = MinSizeRel|x64
		{F8A4023F-9FFD-3D86-B97B-BC75EDCDA3E8}.RelWithDebInfo|x64.ActiveCfg = RelWithDebInfo|x64
		{F8A4023F-9FFD-3D86-B97B-BC75EDCDA3E8}.RelWithDebInfo|x64.Build.0 = RelWithDebInfo|x64
		{770770FE-71A4-382B-9CE3-67521B09B9D9}.Debug|x64.ActiveCfg = Debug|x64
		{770770FE-71A4-382B-9CE3-67521B09B9D9}.Debug|x64.Build.0 = Debug|x64
		{770770FE-71A4-382B-9CE3-67521B09B9D9}.Release|x64.ActiveCfg = Release|x64
		{770770FE-71A4-382B-9CE3-67521B09B9D9}.Release|x64.Build.0 = Release|x64
		{770770FE-71A4-382B-9CE3-67521B09B9D9}.MinSizeRel|x64.ActiveCfg = MinSizeRel|x64
		{770770FE-71A4-382B-9CE3-67521B09B9D9}.MinSizeRel|x64.Build.0 = MinSizeRel|x64
		{770770FE-71A4-382B-9CE3-67521B09B9D9}.RelWithDebInfo|x64.ActiveCfg = RelWithDebInfo|x64
		{770770FE-71A4-382B-9CE3-67521B09B9D9}.RelWithDebInfo|x64.Build.0 = RelWithDebInfo|x64
		{0C116538-7C43-3F65-A74D-FECADC465674}.Debug|x64.ActiveCfg = Debug|x64
		{0C116538-7C43-3F65-A74D-FECADC465674}.Debug|x64.Build.0 = Debug|x64
		{0C116538-7C43-3F65-A74D-FECADC465674}.Release|x64.ActiveCfg = Release|x64
		{0C116538-7C43-3F65-A74D-FECADC465674}.Release|x64.Build.0 = Release|x64
		{0C116538-7C43-3F65-A74D-FECADC465674}.MinSizeRel|x64.ActiveCfg = MinSizeRel|x64
		{0C116538-7C43-3F65-A74D-FECADC465674}.MinSizeRel|x64.Build.0 = MinSizeRel|x64
		{0C116538-7C43-3F65-A74D-FECADC465674}.RelWithDebInfo|x64.ActiveCfg = RelWithDebInfo|x64
		{0C116538-7C43-3F65-A74D-FECADC465674}.RelWithDebInfo|x64.Build.0 = RelWithDebInfo|x64
		{A9AA4785-5631-3320-AC0B-DA6355481614}.Debug|x64.ActiveCfg = Debug|x64
		{A9AA4785-5631-3320-AC0B-DA6355481614}.Debug|x64.Build.0 = Debug|x64
		{A9AA4785-5631-3320-AC0B-DA6355481614}.Release|x64.ActiveCfg = Release|x64
		{A9AA4785-5631-3320-AC0B-DA6355481614}.Release|x64.Build.0 = Release|x64
		{A9AA4785-5631-3320-AC0B-DA6355481614}.MinSizeRel|x64.ActiveCfg = MinSizeRel|x64
		{A9AA4785-5631-3320-AC0B-DA6355481614}.MinSizeRel|x64.Build.0 = MinSizeRel|x64
		{A9AA4785-5631-3320-AC0B-DA6355481614}.RelWithDebInfo|x64.ActiveCfg = RelWithDebInfo|x64
		{A9AA4785-5631-3320-AC0B-DA6355481614}.RelWithDebInfo|x64.Build.0 = RelWithDebInfo|x64
		{A0DEB2DA-B9D7-3993-8A4E-509BDA436534}.Debug|x64.ActiveCfg = Debug|x64
		{A0DEB2DA-B9D7-3993-8A4E-509BDA436534}.Debug|x64.Build.0 = Debug|x64
		{A0DEB2DA-B9D7-3993-8A4E-509BDA436534}.Release|x64.ActiveCfg = Release|x64
		{A0DEB2DA-B9D7-3993-8A4E-509BDA436534}.Release|x64.Build.0 = Release|x64
		{A0DEB2DA-B9D7-3993-8A4E-509BDA436534}.MinSizeRel|x64.ActiveCfg = MinSizeRel|x64
		{A0DEB2DA-B9D7-3993-8A4E-509BDA436534}.MinSizeRel|x64.Build.0 = MinSizeRel|x64
		{A0DEB2DA-B9D7-3993-8A4E-509BDA436534}.RelWithDebInfo|x64.ActiveCfg = RelWithDebInfo|x64
		{A0DEB2DA-B9D7-3993-8A4E-509BDA436534}.RelWithDebInfo|x64.Build.0 = RelWithDebInfo|x64
		{40B792FF-1183-3B68-ACBB-3E0E042C9D44}.Debug|x64.ActiveCfg = Debug|x64
		{40B792FF-1183-3B68-ACBB-3E0E042C9D44}.Debug|x64.Build.0 = Debug|x64
		{40B792FF-1183-3B68-ACBB-3E0E042C9D44}.Release|x64.ActiveCfg = Release|x64
		{40B792FF-1183-3B68-ACBB-3E0E042C9D44}.Release|x64.Build.0 = Release|x64
		{40B792FF-1183-3B68-ACBB-3E0E042C9D44}.MinSizeRel|x64.ActiveCfg = MinSizeRel|x64
		{40B792FF-1183-3B68-ACBB-3E0E042C9D44}.MinSizeRel|x64.Build.0 = MinSizeRel|x64
		{40B792FF-1183-3B68-ACBB-3E0E042C9D44}.RelWithDebInfo|x64.ActiveCfg = RelWithDebInfo|x64
		{40B792FF-1183-3B68-ACBB-3E0E042C9D44}.RelWithDebInfo|x64.Build.0 = RelWithDebInfo|x64
		{7FCD2A2B-A1CD-3FEF-BDC8-6EA57BEB5862}.Debug|x64.ActiveCfg = Debug|x64
		{7FCD2A2B-A1CD-3FEF-BDC8-6EA57BEB5862}.Debug|x64.Build.0 = Debug|x64
		{7FCD2A2B-A1CD-3FEF-BDC8-6EA57BEB5862}.Release|x64.ActiveCfg = Release|x64
		{7FCD2A2B-A1CD-3FEF-BDC8-6EA57BEB5862}.Release|x64.Build.0 = Release|x64
		{7FCD2A2B-A1CD-3FEF-BDC8-6EA57BEB5862}.MinSizeRel|x64.ActiveCfg = MinSizeRel|x64
		{7FCD2A2B-A1CD-3FEF-BDC8-6EA57BEB5862}.MinSizeRel|x64.Build.0 = MinSizeRel|x64
		{7FCD2A2B-A1CD-3FEF-BDC8-6EA57BEB5862}.RelWithDebInfo|x64.ActiveCfg = RelWithDebInfo|x64
		{7FCD2A2B-A1CD-3FEF-BDC8-6EA57BEB5862}.RelWithDebInfo|x64.Build.0 = RelWithDebInfo|x64
		{4E41EFA0-38F3-357D-A229-03665EB22DC1}.Debug|x64.ActiveCfg = Debug|x64
		{4E41EFA0-38F3-357D-A229-03665EB22DC1}.Debug|x64.Build.0 = Debug|x64
		{4E41EFA0-38F3-357D-A229-03665EB22DC1}.Release|x64.ActiveCfg = Release|x64
		{4E41EFA0-38F3-357D-A229-03665EB22DC1}.Release|x64.Build.0 = Release|x64
		{4E41EFA0-38F3-357D-A229-03665EB22DC1}.MinSizeRel|x64.ActiveCfg = MinSizeRel|x64
		{4E41EFA0-38F3-357D-A229-03665EB22DC1}.MinSizeRel|x64.Build.0 = MinSizeRel|x64
		{4E41EFA0-38F3-357D-A229-03665EB22DC1}.RelWithDebInfo|x64.ActiveCfg = RelWithDebInfo|x64
		{4E41EFA0-38F3-357D-A229-03665EB22DC1}.RelWithDebInfo|x64.Build.0 = RelWithDebInfo|x64
		{15F5A85E-C91D-3581-8D0E-3369584A9953}.Debug|x64.ActiveCfg = Debug|x64
		{15F5A85E-C91D-3581-8D0E-3369584A9953}.Debug|x64.Build.0 = Debug|x64
		{15F5A85E-C91D-3581-8D0E-3369584A9953}.Release|x64.ActiveCfg = Release|x64
		{15F5A85E-C91D-3581-8D0E-3369584A9953}.Release|x64.Build.0 = Release|x64
		{15F5A85E-C91D-3581-8D0E-3369584A9953}.MinSizeRel|x64.ActiveCfg = MinSizeRel|x64
		{15F5A85E-C91D-3581-8D0E-3369584A9953}.MinSizeRel|x64.Build.0 = MinSizeRel|x64
		{15F5A85E-C91D-3581-8D0E-3369584A9953}.RelWithDebInfo|x64.ActiveCfg = RelWithDebInfo|x64
		{15F5A85E-C91D-3581-8D0E-3369584A9953}.RelWithDebInfo|x64.Build.0 = RelWithDebInfo|x64
		{7AFBE866-D4F4-39D5-87A9-093960FC6011}.Debug|x64.ActiveCfg = Debug|x64
		{7AFBE866-D4F4-39D5-87A9-093960FC6011}.Debug|x64.Build.0 = Debug|x64
		{7AFBE866-D4F4-39D5-87A9-093960FC6011}.Release|x64.ActiveCfg = Release|x64
		{7AFBE866-D4F4-39D5-87A9-093960FC6011}.Release|x64.Build.0 = Release|x64
		{7AFBE866-D4F4-39D5-87A9-093960FC6011}.MinSizeRel|x64.ActiveCfg = MinSizeRel|x64
		{7AFBE866-D4F4-39D5-87A9-093960FC6011}.MinSizeRel|x64.Build.0 = MinSizeRel|x64
		{7AFBE866-D4F4-39D5-87A9-093960FC6011}.RelWithDebInfo|x64.ActiveCfg = RelWithDebInfo|x64
		{7AFBE866-D4F4-39D5-87A9-093960FC6011}.RelWithDebInfo|x64.Build.0 = RelWithDebInfo|x64
		{57AE929C-AB07-3D9D-8A98-333CC6E8FF96}.Debug|x64.ActiveCfg = Debug|x64
		{57AE929C-AB07-3D9D-8A98-333CC6E8FF96}.Debug|x64.Build.0 = Debug|x64
		{57AE929C-AB07-3D9D-8A98-333CC6E8FF96}.Release|x64.ActiveCfg = Release|x64
		{57AE929C-AB07-3D9D-8A98-333CC6E8FF96}.Release|x64.Build.0 = Release|x64
		{57AE929C-AB07-3D9D-8A98-333CC6E8FF96}.MinSizeRel|x64.ActiveCfg = MinSizeRel|x64
		{57AE929C-AB07-3D9D-8A98-333CC6E8FF96}.MinSizeRel|x64.Build.0 = MinSizeRel|x64
		{57AE929C-AB07-3D9D-8A98-333CC6E8FF96}.RelWithDebInfo|x64.ActiveCfg = RelWithDebInfo|x64
		{57AE929C-AB07-3D9D-8A98-333CC6E8FF96}.RelWithDebInfo|x64.Build.0 = RelWithDebInfo|x64
		{198A5079-4EAA-37F5-A74B-4278034BC297}.Debug|x64.ActiveCfg = Debug|x64
		{198A5079-4EAA-37F5-A74B-4278034BC297}.Debug|x64.Build.0 = Debug|x64
		{198A5079-4EAA-37F5-A74B-4278034BC297}.Release|x64.ActiveCfg = Release|x64
		{198A5079-4EAA-37F5-A74B-4278034BC297}.Release|x64.Build.0 = Release|x64
		{198A5079-4EAA-37F5-A74B-4278034BC297}.MinSizeRel|x64.ActiveCfg = MinSizeRel|x64
		{198A5079-4EAA-37F5-A74B-4278034BC297}.MinSizeRel|x64.Build.0 = MinSizeRel|x64
		{198A5079-4EAA-37F5-A74B-4278034BC297}.RelWithDebInfo|x64.ActiveCfg = RelWithDebInfo|x64
		{198A5079-4EAA-37F5-A74B-4278034BC297}.RelWithDebInfo|x64.Build.0 = RelWithDebInfo|x64
		{7C9B7C5D-A91B-373C-B72B-D324DF0BF847}.Debug|x64.ActiveCfg = Debug|x64
		{7C9B7C5D-A91B-373C-B72B-D324DF0BF847}.Debug|x64.Build.0 = Debug|x64
		{7C9B7C5D-A91B-373C-B72B-D324DF0BF847}.Release|x64.ActiveCfg = Release|x64
		{7C9B7C5D-A91B-373C-B72B-D324DF0BF847}.Release|x64.Build.0 = Release|x64
		{7C9B7C5D-A91B-373C-B72B-D324DF0BF847}.MinSizeRel|x64.ActiveCfg = MinSizeRel|x64
		{7C9B7C5D-A91B-373C-B72B-D324DF0BF847}.MinSizeRel|x64.Build.0 = MinSizeRel|x64
		{7C9B7C5D-A91B-373C-B72B-D324DF0BF847}.RelWithDebInfo|x64.ActiveCfg = RelWithDebInfo|x64
		{7C9B7C5D-A91B-373C-B72B-D324DF0BF847}.RelWithDebInfo|x64.Build.0 = RelWithDebInfo|x64
		{69FB1511-2696-314D-99F0-67A4F99C3E78}.Debug|x64.ActiveCfg = Debug|x64
		{69FB1511-2696-314D-99F0-67A4F99C3E78}.Debug|x64.Build.0 = Debug|x64
		{69FB1511-2696-314D-99F0-67A4F99C3E78}.Release|x64.ActiveCfg = Release|x64
		{69FB1511-2696-314D-99F0-67A4F99C3E78}.Release|x64.Build.0 = Release|x64
		{69FB1511-2696-314D-99F0-67A4F99C3E78}.MinSizeRel|x64.ActiveCfg = MinSizeRel|x64
		{69FB1511-2696-314D-99F0-67A4F99C3E78}.MinSizeRel|x64.Build.0 = MinSizeRel|x64
		{69FB1511-2696-314D-99F0-67A4F99C3E78}.RelWithDebInfo|x64.ActiveCfg = RelWithDebInfo|x64
		{69FB1511-2696-314D-99F0-67A4F99C3E78}.RelWithDebInfo|x64.Build.0 = RelWithDebInfo|x64
		{B7F85C45-36E7-3ECE-B57F-D9CB14215E97}.Debug|x64.ActiveCfg = Debug|x64
		{B7F85C45-36E7-3ECE-B57F-D9CB14215E97}.Debug|x64.Build.0 = Debug|x64
		{B7F85C45-36E7-3ECE-B57F-D9CB14215E97}.Release|x64.ActiveCfg = Release|x64
		{B7F85C45-36E7-3ECE-B57F-D9CB14215E97}.Release|x64.Build.0 = Release|x64
		{B7F85C45-36E7-3ECE-B57F-D9CB14215E97}.MinSizeRel|x64.ActiveCfg = MinSizeRel|x64
		{B7F85C45-36E7-3ECE-B57F-D9CB14215E97}.MinSizeRel|x64.Build.0 = MinSizeRel|x64
		{B7F85C45-36E7-3ECE-B57F-D9CB14215E97}.RelWithDebInfo|x64.ActiveCfg = RelWithDebInfo|x64
		{B7F85C45-36E7-3ECE-B57F-D9CB14215E97}.RelWithDebInfo|x64.Build.0 = RelWithDebInfo|x64
		{A9BB1B04-4495-31F5-A294-4C1ABD3DD4BA}.Debug|x64.ActiveCfg = Debug|x64
		{A9BB1B04-4495-31F5-A294-4C1ABD3DD4BA}.Debug|x64.Build.0 = Debug|x64
		{A9BB1B04-4495-31F5-A294-4C1ABD3DD4BA}.Release|x64.ActiveCfg = Release|x64
		{A9BB1B04-4495-31F5-A294-4C1ABD3DD4BA}.Release|x64.Build.0 = Release|x64
		{A9BB1B04-4495-31F5-A294-4C1ABD3DD4BA}.MinSizeRel|x64.ActiveCfg = MinSizeRel|x64
		{A9BB1B04-4495-31F5-A294-4C1ABD3DD4BA}.MinSizeRel|x64.Build.0 = MinSizeRel|x64
		{A9BB1B04-4495-31F5-A294-4C1ABD3DD4BA}.RelWithDebInfo|x64.ActiveCfg = RelWithDebInfo|x64
		{A9BB1B04-4495-31F5-A294-4C1ABD3DD4BA}.RelWithDebInfo|x64.Build.0 = RelWithDebInfo|x64
		{0CC3555A-94E8-3684-92C8-A4FDDB755B6B}.Debug|x64.ActiveCfg = Debug|x64
		{0CC3555A-94E8-3684-92C8-A4FDDB755B6B}.Debug|x64.Build.0 = Debug|x64
		{0CC3555A-94E8-3684-92C8-A4FDDB755B6B}.Release|x64.ActiveCfg = Release|x64
		{0CC3555A-94E8-3684-92C8-A4FDDB755B6B}.Release|x64.Build.0 = Release|x64
		{0CC3555A-94E8-3684-92C8-A4FDDB755B6B}.MinSizeRel|x64.ActiveCfg = MinSizeRel|x64
		{0CC3555A-94E8-3684-92C8-A4FDDB755B6B}.MinSizeRel|x64.Build.0 = MinSizeRel|x64
		{0CC3555A-94E8-3684-92C8-A4FDDB755B6B}.RelWithDebInfo|x64.ActiveCfg = RelWithDebInfo|x64
		{0CC3555A-94E8-3684-92C8-A4FDDB755B6B}.RelWithDebInfo|x64.Build.0 = RelWithDebInfo|x64
		{19CC4632-6235-304D-8F0C-EC4FF91B5399}.Debug|x64.ActiveCfg = Debug|x64
		{19CC4632-6235-304D-8F0C-EC4FF91B5399}.Debug|x64.Build.0 = Debug|x64
		{19CC4632-6235-304D-8F0C-EC4FF91B5399}.Release|x64.ActiveCfg = Release|x64
		{19CC4632-6235-304D-8F0C-EC4FF91B5399}.Release|x64.Build.0 = Release|x64
		{19CC4632-6235-304D-8F0C-EC4FF91B5399}.MinSizeRel|x64.ActiveCfg = MinSizeRel|x64
		{19CC4632-6235-304D-8F0C-EC4FF91B5399}.MinSizeRel|x64.Build.0 = MinSizeRel|x64
		{19CC4632-6235-304D-8F0C-EC4FF91B5399}.RelWithDebInfo|x64.ActiveCfg = RelWithDebInfo|x64
		{19CC4632-6235-304D-8F0C-EC4FF91B5399}.RelWithDebInfo|x64.Build.0 = RelWithDebInfo|x64
		{8E08EB54-6FF9-3C8A-8398-DB6837FEF084}.Debug|x64.ActiveCfg = Debug|x64
		{8E08EB54-6FF9-3C8A-8398-DB6837FEF084}.Debug|x64.Build.0 = Debug|x64
		{8E08EB54-6FF9-3C8A-8398-DB6837FEF084}.Release|x64.ActiveCfg = Release|x64
		{8E08EB54-6FF9-3C8A-8398-DB6837FEF084}.Release|x64.Build.0 = Release|x64
		{8E08EB54-6FF9-3C8A-8398-DB6837FEF084}.MinSizeRel|x64.ActiveCfg = MinSizeRel|x64
		{8E08EB54-6FF9-3C8A-8398-DB6837FEF084}.MinSizeRel|x64.Build.0 = MinSizeRel|x64
		{8E08EB54-6FF9-3C8A-8398-DB6837FEF084}.RelWithDebInfo|x64.ActiveCfg = RelWithDebInfo|x64
		{8E08EB54-6FF9-3C8A-8398-DB6837FEF084}.RelWithDebInfo|x64.Build.0 = RelWithDebInfo|x64
		{82FE9AA4-401A-34A8-BF7E-E9DEADCC8D02}.Debug|x64.ActiveCfg = Debug|x64
		{82FE9AA4-401A-34A8-BF7E-E9DEADCC8D02}.Debug|x64.Build.0 = Debug|x64
		{82FE9AA4-401A-34A8-BF7E-E9DEADCC8D02}.Release|x64.ActiveCfg = Release|x64
		{82FE9AA4-401A-34A8-BF7E-E9DEADCC8D02}.Release|x64.Build.0 = Release|x64
		{82FE9AA4-401A-34A8-BF7E-E9DEADCC8D02}.MinSizeRel|x64.ActiveCfg = MinSizeRel|x64
		{82FE9AA4-401A-34A8-BF7E-E9DEADCC8D02}.MinSizeRel|x64.Build.0 = MinSizeRel|x64
		{82FE9AA4-401A-34A8-BF7E-E9DEADCC8D02}.RelWithDebInfo|x64.ActiveCfg = RelWithDebInfo|x64
		{82FE9AA4-401A-34A8-BF7E-E9DEADCC8D02}.RelWithDebInfo|x64.Build.0 = RelWithDebInfo|x64
		{0AAC3BA7-0CB3-3CA1-A5F5-BDBE75A16C00}.Debug|x64.ActiveCfg = Debug|x64
		{0AAC3BA7-0CB3-3CA1-A5F5-BDBE75A16C00}.Debug|x64.Build.0 = Debug|x64
		{0AAC3BA7-0CB3-3CA1-A5F5-BDBE75A16C00}.Release|x64.ActiveCfg = Release|x64
		{0AAC3BA7-0CB3-3CA1-A5F5-BDBE75A16C00}.Release|x64.Build.0 = Release|x64
		{0AAC3BA7-0CB3-3CA1-A5F5-BDBE75A16C00}.MinSizeRel|x64.ActiveCfg = MinSizeRel|x64
		{0AAC3BA7-0CB3-3CA1-A5F5-BDBE75A16C00}.MinSizeRel|x64.Build.0 = MinSizeRel|x64
		{0AAC3BA7-0CB3-3CA1-A5F5-BDBE75A16C00}.RelWithDebInfo|x64.ActiveCfg = RelWithDebInfo|x64
		{0AAC3BA7-0CB3-3CA1-A5F5-BDBE75A16C00}.RelWithDebInfo|x64.Build.0 = RelWithDebInfo|x64
		{6DF2FA21-CB4D-3A3D-A95F-56E64F5CD56B}.Debug|x64.ActiveCfg = Debug|x64
		{6DF2FA21-CB4D-3A3D-A95F-56E64F5CD56B}.Debug|x64.Build.0 = Debug|x64
		{6DF2FA21-CB4D-3A3D-A95F-56E64F5CD56B}.Release|x64.ActiveCfg = Release|x64
		{6DF2FA21-CB4D-3A3D-A95F-56E64F5CD56B}.Release|x64.Build.0 = Release|x64
		{6DF2FA21-CB4D-3A3D-A95F-56E64F5CD56B}.MinSizeRel|x64.ActiveCfg = MinSizeRel|x64
		{6DF2FA21-CB4D-3A3D-A95F-56E64F5CD56B}.MinSizeRel|x64.Build.0 = MinSizeRel|x64
		{6DF2FA21-CB4D-3A3D-A95F-56E64F5CD56B}.RelWithDebInfo|x64.ActiveCfg = RelWithDebInfo|x64
		{6DF2FA21-CB4D-3A3D-A95F-56E64F5CD56B}.RelWithDebInfo|x64.Build.0 = RelWithDebInfo|x64
		{0596847F-624B-3D54-A62F-01170F99D4A2}.Debug|x64.ActiveCfg = Debug|x64
		{0596847F-624B-3D54-A62F-01170F99D4A2}.Debug|x64.Build.0 = Debug|x64
		{0596847F-624B-3D54-A62F-01170F99D4A2}.Release|x64.ActiveCfg = Release|x64
		{0596847F-624B-3D54-A62F-01170F99D4A2}.Release|x64.Build.0 = Release|x64
		{0596847F-624B-3D54-A62F-01170F99D4A2}.MinSizeRel|x64.ActiveCfg = MinSizeRel|x64
		{0596847F-624B-3D54-A62F-01170F99D4A2}.MinSizeRel|x64.Build.0 = MinSizeRel|x64
		{0596847F-624B-3D54-A62F-01170F99D4A2}.RelWithDebInfo|x64.ActiveCfg = RelWithDebInfo|x64
		{0596847F-624B-3D54-A62F-01170F99D4A2}.RelWithDebInfo|x64.Build.0 = RelWithDebInfo|x64
		{DA2D27A4-90CF-3263-BBD8-C944AA063163}.Debug|x64.ActiveCfg = Debug|x64
		{DA2D27A4-90CF-3263-BBD8-C944AA063163}.Debug|x64.Build.0 = Debug|x64
		{DA2D27A4-90CF-3263-BBD8-C944AA063163}.Release|x64.ActiveCfg = Release|x64
		{DA2D27A4-90CF-3263-BBD8-C944AA063163}.Release|x64.Build.0 = Release|x64
		{DA2D27A4-90CF-3263-BBD8-C944AA063163}.MinSizeRel|x64.ActiveCfg = MinSizeRel|x64
		{DA2D27A4-90CF-3263-BBD8-C944AA063163}.MinSizeRel|x64.Build.0 = MinSizeRel|x64
		{DA2D27A4-90CF-3263-BBD8-C944AA063163}.RelWithDebInfo|x64.ActiveCfg = RelWithDebInfo|x64
		{DA2D27A4-90CF-3263-BBD8-C944AA063163}.RelWithDebInfo|x64.Build.0 = RelWithDebInfo|x64
		{12C51278-C0E8-3CE9-B974-98AE8571A966}.Debug|x64.ActiveCfg = Debug|x64
		{12C51278-C0E8-3CE9-B974-98AE8571A966}.Debug|x64.Build.0 = Debug|x64
		{12C51278-C0E8-3CE9-B974-98AE8571A966}.Release|x64.ActiveCfg = Release|x64
		{12C51278-C0E8-3CE9-B974-98AE8571A966}.Release|x64.Build.0 = Release|x64
		{12C51278-C0E8-3CE9-B974-98AE8571A966}.MinSizeRel|x64.ActiveCfg = MinSizeRel|x64
		{12C51278-C0E8-3CE9-B974-98AE8571A966}.MinSizeRel|x64.Build.0 = MinSizeRel|x64
		{12C51278-C0E8-3CE9-B974-98AE8571A966}.RelWithDebInfo|x64.ActiveCfg = RelWithDebInfo|x64
		{12C51278-C0E8-3CE9-B974-98AE8571A966}.RelWithDebInfo|x64.Build.0 = RelWithDebInfo|x64
		{07355564-14B6-3BBE-9CA7-29FA5EEF557E}.Debug|x64.ActiveCfg = Debug|x64
		{07355564-14B6-3BBE-9CA7-29FA5EEF557E}.Debug|x64.Build.0 = Debug|x64
		{07355564-14B6-3BBE-9CA7-29FA5EEF557E}.Release|x64.ActiveCfg = Release|x64
		{07355564-14B6-3BBE-9CA7-29FA5EEF557E}.Release|x64.Build.0 = Release|x64
		{07355564-14B6-3BBE-9CA7-29FA5EEF557E}.MinSizeRel|x64.ActiveCfg = MinSizeRel|x64
		{07355564-14B6-3BBE-9CA7-29FA5EEF557E}.MinSizeRel|x64.Build.0 = MinSizeRel|x64
		{07355564-14B6-3BBE-9CA7-29FA5EEF557E}.RelWithDebInfo|x64.ActiveCfg = RelWithDebInfo|x64
		{07355564-14B6-3BBE-9CA7-29FA5EEF557E}.RelWithDebInfo|x64.Build.0 = RelWithDebInfo|x64
		{161544B9-C753-341E-A5B0-9BC52F047E17}.Debug|x64.ActiveCfg = Debug|x64
		{161544B9-C753-341E-A5B0-9BC52F047E17}.Debug|x64.Build.0 = Debug|x64
		{161544B9-C753-341E-A5B0-9BC52F047E17}.Release|x64.ActiveCfg = Release|x64
		{161544B9-C753-341E-A5B0-9BC52F047E17}.Release|x64.Build.0 = Release|x64
		{161544B9-C753-341E-A5B0-9BC52F047E17}.MinSizeRel|x64.ActiveCfg = MinSizeRel|x64
		{161544B9-C753-341E-A5B0-9BC52F047E17}.MinSizeRel|x64.Build.0 = MinSizeRel|x64
		{161544B9-C753-341E-A5B0-9BC52F047E17}.RelWithDebInfo|x64.ActiveCfg = RelWithDebInfo|x64
		{161544B9-C753-341E-A5B0-9BC52F047E17}.RelWithDebInfo|x64.Build.0 = RelWithDebInfo|x64
		{9C61BFE2-CE60-328E-8C0B-708F11C0F756}.Debug|x64.ActiveCfg = Debug|x64
		{9C61BFE2-CE60-328E-8C0B-708F11C0F756}.Debug|x64.Build.0 = Debug|x64
		{9C61BFE2-CE60-328E-8C0B-708F11C0F756}.Release|x64.ActiveCfg = Release|x64
		{9C61BFE2-CE60-328E-8C0B-708F11C0F756}.Release|x64.Build.0 = Release|x64
		{9C61BFE2-CE60-328E-8C0B-708F11C0F756}.MinSizeRel|x64.ActiveCfg = MinSizeRel|x64
		{9C61BFE2-CE60-328E-8C0B-708F11C0F756}.MinSizeRel|x64.Build.0 = MinSizeRel|x64
		{9C61BFE2-CE60-328E-8C0B-708F11C0F756}.RelWithDebInfo|x64.ActiveCfg = RelWithDebInfo|x64
		{9C61BFE2-CE60-328E-8C0B-708F11C0F756}.RelWithDebInfo|x64.Build.0 = RelWithDebInfo|x64
		{2D2C7EFE-CEF1-31C9-A474-8CCA55259F4E}.Debug|x64.ActiveCfg = Debug|x64
		{2D2C7EFE-CEF1-31C9-A474-8CCA55259F4E}.Debug|x64.Build.0 = Debug|x64
		{2D2C7EFE-CEF1-31C9-A474-8CCA55259F4E}.Release|x64.ActiveCfg = Release|x64
		{2D2C7EFE-CEF1-31C9-A474-8CCA55259F4E}.Release|x64.Build.0 = Release|x64
		{2D2C7EFE-CEF1-31C9-A474-8CCA55259F4E}.MinSizeRel|x64.ActiveCfg = MinSizeRel|x64
		{2D2C7EFE-CEF1-31C9-A474-8CCA55259F4E}.MinSizeRel|x64.Build.0 = MinSizeRel|x64
		{2D2C7EFE-CEF1-31C9-A474-8CCA55259F4E}.RelWithDebInfo|x64.ActiveCfg = RelWithDebInfo|x64
		{2D2C7EFE-CEF1-31C9-A474-8CCA55259F4E}.RelWithDebInfo|x64.Build.0 = RelWithDebInfo|x64
		{D7622E76-7F8F-35E8-B729-288E04C9EFD1}.Debug|x64.ActiveCfg = Debug|x64
		{D7622E76-7F8F-35E8-B729-288E04C9EFD1}.Debug|x64.Build.0 = Debug|x64
		{D7622E76-7F8F-35E8-B729-288E04C9EFD1}.Release|x64.ActiveCfg = Release|x64
		{D7622E76-7F8F-35E8-B729-288E04C9EFD1}.Release|x64.Build.0 = Release|x64
		{D7622E76-7F8F-35E8-B729-288E04C9EFD1}.MinSizeRel|x64.ActiveCfg = MinSizeRel|x64
		{D7622E76-7F8F-35E8-B729-288E04C9EFD1}.MinSizeRel|x64.Build.0 = MinSizeRel|x64
		{D7622E76-7F8F-35E8-B729-288E04C9EFD1}.RelWithDebInfo|x64.ActiveCfg = RelWithDebInfo|x64
		{D7622E76-7F8F-35E8-B729-288E04C9EFD1}.RelWithDebInfo|x64.Build.0 = RelWithDebInfo|x64
		{6D633046-B7A8-3F59-A6CA-4D91E1168115}.Debug|x64.ActiveCfg = Debug|x64
		{6D633046-B7A8-3F59-A6CA-4D91E1168115}.Debug|x64.Build.0 = Debug|x64
		{6D633046-B7A8-3F59-A6CA-4D91E1168115}.Release|x64.ActiveCfg = Release|x64
		{6D633046-B7A8-3F59-A6CA-4D91E1168115}.Release|x64.Build.0 = Release|x64
		{6D633046-B7A8-3F59-A6CA-4D91E1168115}.MinSizeRel|x64.ActiveCfg = MinSizeRel|x64
		{6D633046-B7A8-3F59-A6CA-4D91E1168115}.MinSizeRel|x64.Build.0 = MinSizeRel|x64
		{6D633046-B7A8-3F59-A6CA-4D91E1168115}.RelWithDebInfo|x64.ActiveCfg = RelWithDebInfo|x64
		{6D633046-B7A8-3F59-A6CA-4D91E1168115}.RelWithDebInfo|x64.Build.0 = RelWithDebInfo|x64
		{48A42BBD-912C-3026-A6A8-54D9A9D8421D}.Debug|x64.ActiveCfg = Debug|x64
		{48A42BBD-912C-3026-A6A8-54D9A9D8421D}.Debug|x64.Build.0 = Debug|x64
		{48A42BBD-912C-3026-A6A8-54D9A9D8421D}.Release|x64.ActiveCfg = Release|x64
		{48A42BBD-912C-3026-A6A8-54D9A9D8421D}.Release|x64.Build.0 = Release|x64
		{48A42BBD-912C-3026-A6A8-54D9A9D8421D}.MinSizeRel|x64.ActiveCfg = MinSizeRel|x64
		{48A42BBD-912C-3026-A6A8-54D9A9D8421D}.MinSizeRel|x64.Build.0 = MinSizeRel|x64
		{48A42BBD-912C-3026-A6A8-54D9A9D8421D}.RelWithDebInfo|x64.ActiveCfg = RelWithDebInfo|x64
		{48A42BBD-912C-3026-A6A8-54D9A9D8421D}.RelWithDebInfo|x64.Build.0 = RelWithDebInfo|x64
		{4FBB465D-FCAF-3EEF-816C-42E5CBBA7643}.Debug|x64.ActiveCfg = Debug|x64
		{4FBB465D-FCAF-3EEF-816C-42E5CBBA7643}.Debug|x64.Build.0 = Debug|x64
		{4FBB465D-FCAF-3EEF-816C-42E5CBBA7643}.Release|x64.ActiveCfg = Release|x64
		{4FBB465D-FCAF-3EEF-816C-42E5CBBA7643}.Release|x64.Build.0 = Release|x64
		{4FBB465D-FCAF-3EEF-816C-42E5CBBA7643}.MinSizeRel|x64.ActiveCfg = MinSizeRel|x64
		{4FBB465D-FCAF-3EEF-816C-42E5CBBA7643}.MinSizeRel|x64.Build.0 = MinSizeRel|x64
		{4FBB465D-FCAF-3EEF-816C-42E5CBBA7643}.RelWithDebInfo|x64.ActiveCfg = RelWithDebInfo|x64
		{4FBB465D-FCAF-3EEF-816C-42E5CBBA7643}.RelWithDebInfo|x64.Build.0 = RelWithDebInfo|x64
		{A526C6C7-AE53-379D-8025-5CA6EA8180D4}.Debug|x64.ActiveCfg = Debug|x64
		{A526C6C7-AE53-379D-8025-5CA6EA8180D4}.Debug|x64.Build.0 = Debug|x64
		{A526C6C7-AE53-379D-8025-5CA6EA8180D4}.Release|x64.ActiveCfg = Release|x64
		{A526C6C7-AE53-379D-8025-5CA6EA8180D4}.Release|x64.Build.0 = Release|x64
		{A526C6C7-AE53-379D-8025-5CA6EA8180D4}.MinSizeRel|x64.ActiveCfg = MinSizeRel|x64
		{A526C6C7-AE53-379D-8025-5CA6EA8180D4}.MinSizeRel|x64.Build.0 = MinSizeRel|x64
		{A526C6C7-AE53-379D-8025-5CA6EA8180D4}.RelWithDebInfo|x64.ActiveCfg = RelWithDebInfo|x64
		{A526C6C7-AE53-379D-8025-5CA6EA8180D4}.RelWithDebInfo|x64.Build.0 = RelWithDebInfo|x64
		{0C7F8F96-E08E-395C-B220-71982C854A1F}.Debug|x64.ActiveCfg = Debug|x64
		{0C7F8F96-E08E-395C-B220-71982C854A1F}.Debug|x64.Build.0 = Debug|x64
		{0C7F8F96-E08E-395C-B220-71982C854A1F}.Release|x64.ActiveCfg = Release|x64
		{0C7F8F96-E08E-395C-B220-71982C854A1F}.Release|x64.Build.0 = Release|x64
		{0C7F8F96-E08E-395C-B220-71982C854A1F}.MinSizeRel|x64.ActiveCfg = MinSizeRel|x64
		{0C7F8F96-E08E-395C-B220-71982C854A1F}.MinSizeRel|x64.Build.0 = MinSizeRel|x64
		{0C7F8F96-E08E-395C-B220-71982C854A1F}.RelWithDebInfo|x64.ActiveCfg = RelWithDebInfo|x64
		{0C7F8F96-E08E-395C-B220-71982C854A1F}.RelWithDebInfo|x64.Build.0 = RelWithDebInfo|x64
		{4D09BC29-7366-38F4-B458-AE4C492B8E77}.Debug|x64.ActiveCfg = Debug|x64
		{4D09BC29-7366-38F4-B458-AE4C492B8E77}.Debug|x64.Build.0 = Debug|x64
		{4D09BC29-7366-38F4-B458-AE4C492B8E77}.Release|x64.ActiveCfg = Release|x64
		{4D09BC29-7366-38F4-B458-AE4C492B8E77}.Release|x64.Build.0 = Release|x64
		{4D09BC29-7366-38F4-B458-AE4C492B8E77}.MinSizeRel|x64.ActiveCfg = MinSizeRel|x64
		{4D09BC29-7366-38F4-B458-AE4C492B8E77}.MinSizeRel|x64.Build.0 = MinSizeRel|x64
		{4D09BC29-7366-38F4-B458-AE4C492B8E77}.RelWithDebInfo|x64.ActiveCfg = RelWithDebInfo|x64
		{4D09BC29-7366-38F4-B458-AE4C492B8E77}.RelWithDebInfo|x64.Build.0 = RelWithDebInfo|x64
		{3756DC06-7780-3FB1-B736-5845D439C41B}.Debug|x64.ActiveCfg = Debug|x64
		{3756DC06-7780-3FB1-B736-5845D439C41B}.Debug|x64.Build.0 = Debug|x64
		{3756DC06-7780-3FB1-B736-5845D439C41B}.Release|x64.ActiveCfg = Release|x64
		{3756DC06-7780-3FB1-B736-5845D439C41B}.Release|x64.Build.0 = Release|x64
		{3756DC06-7780-3FB1-B736-5845D439C41B}.MinSizeRel|x64.ActiveCfg = MinSizeRel|x64
		{3756DC06-7780-3FB1-B736-5845D439C41B}.MinSizeRel|x64.Build.0 = MinSizeRel|x64
		{3756DC06-7780-3FB1-B736-5845D439C41B}.RelWithDebInfo|x64.ActiveCfg = RelWithDebInfo|x64
		{3756DC06-7780-3FB1-B736-5845D439C41B}.RelWithDebInfo|x64.Build.0 = RelWithDebInfo|x64
		{A11CEB9C-EB1C-3B69-A787-44C39E187E7C}.Debug|x64.ActiveCfg = Debug|x64
		{A11CEB9C-EB1C-3B69-A787-44C39E187E7C}.Debug|x64.Build.0 = Debug|x64
		{A11CEB9C-EB1C-3B69-A787-44C39E187E7C}.Release|x64.ActiveCfg = Release|x64
		{A11CEB9C-EB1C-3B69-A787-44C39E187E7C}.Release|x64.Build.0 = Release|x64
		{A11CEB9C-EB1C-3B69-A787-44C39E187E7C}.MinSizeRel|x64.ActiveCfg = MinSizeRel|x64
		{A11CEB9C-EB1C-3B69-A787-44C39E187E7C}.MinSizeRel|x64.Build.0 = MinSizeRel|x64
		{A11CEB9C-EB1C-3B69-A787-44C39E187E7C}.RelWithDebInfo|x64.ActiveCfg = RelWithDebInfo|x64
		{A11CEB9C-EB1C-3B69-A787-44C39E187E7C}.RelWithDebInfo|x64.Build.0 = RelWithDebInfo|x64
		{F079DED3-0800-33F2-A52C-BB4CB48DB652}.Debug|x64.ActiveCfg = Debug|x64
		{F079DED3-0800-33F2-A52C-BB4CB48DB652}.Debug|x64.Build.0 = Debug|x64
		{F079DED3-0800-33F2-A52C-BB4CB48DB652}.Release|x64.ActiveCfg = Release|x64
		{F079DED3-0800-33F2-A52C-BB4CB48DB652}.Release|x64.Build.0 = Release|x64
		{F079DED3-0800-33F2-A52C-BB4CB48DB652}.MinSizeRel|x64.ActiveCfg = MinSizeRel|x64
		{F079DED3-0800-33F2-A52C-BB4CB48DB652}.MinSizeRel|x64.Build.0 = MinSizeRel|x64
		{F079DED3-0800-33F2-A52C-BB4CB48DB652}.RelWithDebInfo|x64.ActiveCfg = RelWithDebInfo|x64
		{F079DED3-0800-33F2-A52C-BB4CB48DB652}.RelWithDebInfo|x64.Build.0 = RelWithDebInfo|x64
		{7EB29FCB-5B8E-3D62-9DE2-2362843D161F}.Debug|x64.ActiveCfg = Debug|x64
		{7EB29FCB-5B8E-3D62-9DE2-2362843D161F}.Debug|x64.Build.0 = Debug|x64
		{7EB29FCB-5B8E-3D62-9DE2-2362843D161F}.Release|x64.ActiveCfg = Release|x64
		{7EB29FCB-5B8E-3D62-9DE2-2362843D161F}.Release|x64.Build.0 = Release|x64
		{7EB29FCB-5B8E-3D62-9DE2-2362843D161F}.MinSizeRel|x64.ActiveCfg = MinSizeRel|x64
		{7EB29FCB-5B8E-3D62-9DE2-2362843D161F}.MinSizeRel|x64.Build.0 = MinSizeRel|x64
		{7EB29FCB-5B8E-3D62-9DE2-2362843D161F}.RelWithDebInfo|x64.ActiveCfg = RelWithDebInfo|x64
		{7EB29FCB-5B8E-3D62-9DE2-2362843D161F}.RelWithDebInfo|x64.Build.0 = RelWithDebInfo|x64
		{8EEA63CC-7CE3-3E15-BE50-CC34232EFD9A}.Debug|x64.ActiveCfg = Debug|x64
		{8EEA63CC-7CE3-3E15-BE50-CC34232EFD9A}.Debug|x64.Build.0 = Debug|x64
		{8EEA63CC-7CE3-3E15-BE50-CC34232EFD9A}.Release|x64.ActiveCfg = Release|x64
		{8EEA63CC-7CE3-3E15-BE50-CC34232EFD9A}.Release|x64.Build.0 = Release|x64
		{8EEA63CC-7CE3-3E15-BE50-CC34232EFD9A}.MinSizeRel|x64.ActiveCfg = MinSizeRel|x64
		{8EEA63CC-7CE3-3E15-BE50-CC34232EFD9A}.MinSizeRel|x64.Build.0 = MinSizeRel|x64
		{8EEA63CC-7CE3-3E15-BE50-CC34232EFD9A}.RelWithDebInfo|x64.ActiveCfg = RelWithDebInfo|x64
		{8EEA63CC-7CE3-3E15-BE50-CC34232EFD9A}.RelWithDebInfo|x64.Build.0 = RelWithDebInfo|x64
		{1195BF26-4B08-3102-A850-C92B15F82370}.Debug|x64.ActiveCfg = Debug|x64
		{1195BF26-4B08-3102-A850-C92B15F82370}.Debug|x64.Build.0 = Debug|x64
		{1195BF26-4B08-3102-A850-C92B15F82370}.Release|x64.ActiveCfg = Release|x64
		{1195BF26-4B08-3102-A850-C92B15F82370}.Release|x64.Build.0 = Release|x64
		{1195BF26-4B08-3102-A850-C92B15F82370}.MinSizeRel|x64.ActiveCfg = MinSizeRel|x64
		{1195BF26-4B08-3102-A850-C92B15F82370}.MinSizeRel|x64.Build.0 = MinSizeRel|x64
		{1195BF26-4B08-3102-A850-C92B15F82370}.RelWithDebInfo|x64.ActiveCfg = RelWithDebInfo|x64
		{1195BF26-4B08-3102-A850-C92B15F82370}.RelWithDebInfo|x64.Build.0 = RelWithDebInfo|x64
	EndGlobalSection
	GlobalSection(ExtensibilityGlobals) = postSolution
		SolutionGuid = {B514DDBA-1173-3083-AB14-CD54D9335264}
	EndGlobalSection
	GlobalSection(ExtensibilityAddIns) = postSolution
	EndGlobalSection
EndGlobal
