<?xml version="1.0" encoding="utf-8"?>
<Project ToolsVersion="17.0" xmlns="http://schemas.microsoft.com/developer/msbuild/2003">
  <ItemGroup>
    <CustomBuild Include="C:\Workspace\Repositories\study\aicode\mslang-c\build_stats\CMakeFiles\f185e9e2492377fc146e58c1e4506529\RUN_TESTS_force.rule">
      <Filter>CMake Rules</Filter>
    </CustomBuild>
  </ItemGroup>
  <ItemGroup>
    <Filter Include="CMake Rules">
      <UniqueIdentifier>{CC19778B-76A3-3751-8132-A2B9C253DA8E}</UniqueIdentifier>
    </Filter>
  </ItemGroup>
</Project>
